// !$*UTF8*$!
{
	archiveVersion = 1;
	classes = {
	};
	objectVersion = 56;
	objects = {

/* Begin PBXBuildFile section */
		C308E7D72A9437CB00EEC111 /* WorldCameraView.swift in Sources */ = {isa = PBXBuildFile; fileRef = C308E7D62A9437CB00EEC111 /* WorldCameraView.swift */; };
		C308E7DA2A9438A300EEC111 /* MapViewCell.swift in Sources */ = {isa = PBXBuildFile; fileRef = C3BAFAA52A81C28300CFDC84 /* MapViewCell.swift */; };
		C308E7DB2A9438A800EEC111 /* WebViewCell.swift in Sources */ = {isa = PBXBuildFile; fileRef = C3BAFAAC2A81C28300CFDC84 /* WebViewCell.swift */; };
		C308E7DC2A9438AB00EEC111 /* WebViewCellVariant2.swift in Sources */ = {isa = PBXBuildFile; fileRef = C3BAFAAB2A81C28300CFDC84 /* WebViewCellVariant2.swift */; };
		C308E7DD2A9438B800EEC111 /* MapViewCellVariant2.swift in Sources */ = {isa = PBXBuildFile; fileRef = C3BAFAA62A81C28300CFDC84 /* MapViewCellVariant2.swift */; };
		C308E7DE2A9438C200EEC111 /* FullMapView.swift in Sources */ = {isa = PBXBuildFile; fileRef = C3BAFAB02A81C28300CFDC84 /* FullMapView.swift */; };
		C308E7E12A9438D400EEC111 /* ModelSceneView.swift in Sources */ = {isa = PBXBuildFile; fileRef = C3BAFA942A81C28300CFDC84 /* ModelSceneView.swift */; };
		C308E7E32A94394900EEC111 /* SwiftGLTF in Frameworks */ = {isa = PBXBuildFile; productRef = C308E7E22A94394900EEC111 /* SwiftGLTF */; };
		C31ABFD02A9D644100F3368C /* WorldListItemView1.swift in Sources */ = {isa = PBXBuildFile; fileRef = C31ABFCF2A9D644100F3368C /* WorldListItemView1.swift */; };
		C31D00B62AB8EC2300AC0CA4 /* GLTFKit2.framework in Frameworks */ = {isa = PBXBuildFile; fileRef = C31D00B52AB8EC1100AC0CA4 /* GLTFKit2.framework */; };
		C31D00B72AB8EC2300AC0CA4 /* GLTFKit2.framework in Embed Frameworks */ = {isa = PBXBuildFile; fileRef = C31D00B52AB8EC1100AC0CA4 /* GLTFKit2.framework */; settings = {ATTRIBUTES = (CodeSignOnCopy, RemoveHeadersOnCopy, ); }; };
		C31D00B82AB8EC2900AC0CA4 /* GLTFKit2.framework in Frameworks */ = {isa = PBXBuildFile; fileRef = C31D00B52AB8EC1100AC0CA4 /* GLTFKit2.framework */; };
		C31D00B92AB8EC2900AC0CA4 /* GLTFKit2.framework in Embed Frameworks */ = {isa = PBXBuildFile; fileRef = C31D00B52AB8EC1100AC0CA4 /* GLTFKit2.framework */; settings = {ATTRIBUTES = (CodeSignOnCopy, RemoveHeadersOnCopy, ); }; };
		C31E0AC12AC4E2A100051DFF /* ImageTargetARView.swift in Sources */ = {isa = PBXBuildFile; fileRef = C31E0AC02AC4E2A100051DFF /* ImageTargetARView.swift */; };
		C31E0AC22AC4EBE400051DFF /* AnchorTransformSystem.swift in Sources */ = {isa = PBXBuildFile; fileRef = C3F94F8D2AA6A3020051B484 /* AnchorTransformSystem.swift */; };
		C331C8F42A82EB81004B1238 /* AddWorldFormView.swift in Sources */ = {isa = PBXBuildFile; fileRef = C331C8F32A82EB81004B1238 /* AddWorldFormView.swift */; };
		C331C8FC2A82F03E004B1238 /* GeoWebiOSApp.swift in Sources */ = {isa = PBXBuildFile; fileRef = C331C8FB2A82F03E004B1238 /* GeoWebiOSApp.swift */; };
		C331C9022A82F040004B1238 /* Assets.xcassets in Resources */ = {isa = PBXBuildFile; fileRef = C331C9012A82F040004B1238 /* Assets.xcassets */; };
		C331C9052A82F040004B1238 /* Preview Assets.xcassets in Resources */ = {isa = PBXBuildFile; fileRef = C331C9042A82F040004B1238 /* Preview Assets.xcassets */; };
		C331C90D2A82F082004B1238 /* NameCom.swift in Sources */ = {isa = PBXBuildFile; fileRef = C331C90A2A82F082004B1238 /* NameCom.swift */; };
		C33544352AEF2BD4007FFD1B /* AccessManagementSystemContract.swift in Sources */ = {isa = PBXBuildFile; fileRef = C33544342AEF2BD4007FFD1B /* AccessManagementSystemContract.swift */; };
		C33544492AEF41A9007FFD1B /* CID in Frameworks */ = {isa = PBXBuildFile; productRef = C33544482AEF41A9007FFD1B /* CID */; };
		C335444B2AEF4C3C007FFD1B /* NFTCom.swift in Sources */ = {isa = PBXBuildFile; fileRef = C335444A2AEF4C3C007FFD1B /* NFTCom.swift */; };
		C335444D2AEF5CDD007FFD1B /* FramedNFTImageSystem.swift in Sources */ = {isa = PBXBuildFile; fileRef = C335444C2AEF5CDD007FFD1B /* FramedNFTImageSystem.swift */; };
		C335444E2AEF5CDD007FFD1B /* FramedNFTImageSystem.swift in Sources */ = {isa = PBXBuildFile; fileRef = C335444C2AEF5CDD007FFD1B /* FramedNFTImageSystem.swift */; };
		C33682932A79BA4C00CA5F43 /* SwiftGLTF in Frameworks */ = {isa = PBXBuildFile; productRef = C33682922A79BA4C00CA5F43 /* SwiftGLTF */; };
		C3386F312AEC593900720F7A /* AugmentCameraView.swift in Sources */ = {isa = PBXBuildFile; fileRef = C3386F2C2AEC32BC00720F7A /* AugmentCameraView.swift */; };
		C3386F322AEC593B00720F7A /* AugmentCameraView.swift in Sources */ = {isa = PBXBuildFile; fileRef = C3386F2C2AEC32BC00720F7A /* AugmentCameraView.swift */; };
		C3386F342AEC62D300720F7A /* ModelAugmentPreview.swift in Sources */ = {isa = PBXBuildFile; fileRef = C3386F332AEC62D300720F7A /* ModelAugmentPreview.swift */; };
		C3386F362AEC68B600720F7A /* ImageAugmentPreview.swift in Sources */ = {isa = PBXBuildFile; fileRef = C3386F352AEC68B600720F7A /* ImageAugmentPreview.swift */; };
		C34114532B0ED193004BC70A /* TabSheetView.swift in Sources */ = {isa = PBXBuildFile; fileRef = C34114522B0ED193004BC70A /* TabSheetView.swift */; };
		C34114542B0ED6AB004BC70A /* TabSheetView.swift in Sources */ = {isa = PBXBuildFile; fileRef = C34114522B0ED193004BC70A /* TabSheetView.swift */; };
		C34114562B0ED71D004BC70A /* SwiftMUD in Frameworks */ = {isa = PBXBuildFile; productRef = C34114552B0ED71D004BC70A /* SwiftMUD */; };
		C34114592B0EDBA6004BC70A /* TabBarEllipse1.swift in Sources */ = {isa = PBXBuildFile; fileRef = C34114582B0EDBA6004BC70A /* TabBarEllipse1.swift */; };
		C341145A2B0EDBA6004BC70A /* TabBarEllipse1.swift in Sources */ = {isa = PBXBuildFile; fileRef = C34114582B0EDBA6004BC70A /* TabBarEllipse1.swift */; };
		C341145C2B0EDD4B004BC70A /* TabBarEllipse.swift in Sources */ = {isa = PBXBuildFile; fileRef = C341145B2B0EDD4B004BC70A /* TabBarEllipse.swift */; };
		C341145D2B0EDD4B004BC70A /* TabBarEllipse.swift in Sources */ = {isa = PBXBuildFile; fileRef = C341145B2B0EDD4B004BC70A /* TabBarEllipse.swift */; };
		C34B35312A9FF3C20079A314 /* EnterARButton.swift in Sources */ = {isa = PBXBuildFile; fileRef = C34B35302A9FF3C20079A314 /* EnterARButton.swift */; };
		C34B35332A9FF4300079A314 /* WorldARView.swift in Sources */ = {isa = PBXBuildFile; fileRef = C34B35322A9FF4300079A314 /* WorldARView.swift */; };
		C3552C462AF7E32100E0BC45 /* NFTCom.swift in Sources */ = {isa = PBXBuildFile; fileRef = C335444A2AEF4C3C007FFD1B /* NFTCom.swift */; };
		C3552C4A2AF7E3A100E0BC45 /* CID in Frameworks */ = {isa = PBXBuildFile; productRef = C3552C492AF7E3A100E0BC45 /* CID */; };
		C3552C4C2AF7EADC00E0BC45 /* geoweb.glb in Resources */ = {isa = PBXBuildFile; fileRef = C3552C4B2AF7EADC00E0BC45 /* geoweb.glb */; };
		C3552C4E2AF7EFE600E0BC45 /* GeoModelAugmentView.swift in Sources */ = {isa = PBXBuildFile; fileRef = C3552C4D2AF7EFE600E0BC45 /* GeoModelAugmentView.swift */; };
		C356AE0C2AFEE80F0052C11B /* GeoAnchorSystem.swift in Sources */ = {isa = PBXBuildFile; fileRef = C356AE0B2AFEE80F0052C11B /* GeoAnchorSystem.swift */; };
		C356AE0D2AFEE80F0052C11B /* GeoAnchorSystem.swift in Sources */ = {isa = PBXBuildFile; fileRef = C356AE0B2AFEE80F0052C11B /* GeoAnchorSystem.swift */; };
		C356AE0E2AFEF1BA0052C11B /* geoweb.glb in Resources */ = {isa = PBXBuildFile; fileRef = C3552C4B2AF7EADC00E0BC45 /* geoweb.glb */; };
		C35A33702AB364BB007A163D /* sample-logo.png in Resources */ = {isa = PBXBuildFile; fileRef = C3982F6B2A96B8720089AF69 /* sample-logo.png */; };
		C35A33712AB364C0007A163D /* sample-favicon.png in Resources */ = {isa = PBXBuildFile; fileRef = C3ABECD12A958E4C00C64510 /* sample-favicon.png */; };
		C35A33752AB384E6007A163D /* ImageCaptureARView.swift in Sources */ = {isa = PBXBuildFile; fileRef = C35A33732AB384E6007A163D /* ImageCaptureARView.swift */; };
		C35A33772AB4615D007A163D /* GeoPublishARView.swift in Sources */ = {isa = PBXBuildFile; fileRef = C35A33762AB4615D007A163D /* GeoPublishARView.swift */; };
		C35E319B2A9D3EE900AA4743 /* AddWorldFormView.swift in Sources */ = {isa = PBXBuildFile; fileRef = C331C8F32A82EB81004B1238 /* AddWorldFormView.swift */; };
		C365155C2B2BB5CE0057FFF1 /* GraphQL.swift in Sources */ = {isa = PBXBuildFile; fileRef = C365155B2B2BB5CE0057FFF1 /* GraphQL.swift */; };
		C36CF5042B30EC2F002D50DA /* GeoWebParcel.swift in Sources */ = {isa = PBXBuildFile; fileRef = C36CF5032B30EC2F002D50DA /* GeoWebParcel.swift */; };
		C36CF5052B30EC2F002D50DA /* GeoWebParcel.swift in Sources */ = {isa = PBXBuildFile; fileRef = C36CF5032B30EC2F002D50DA /* GeoWebParcel.swift */; };
		C3753E872A9558D5003175B5 /* MediaGalleryCell.swift in Sources */ = {isa = PBXBuildFile; fileRef = C3753E862A9558D5003175B5 /* MediaGalleryCell.swift */; };
		C3753E892A955E8C003175B5 /* MediaGalleryView.swift in Sources */ = {isa = PBXBuildFile; fileRef = C3753E882A955E8C003175B5 /* MediaGalleryView.swift */; };
		C3753E8A2A955EDF003175B5 /* MediaGalleryView.swift in Sources */ = {isa = PBXBuildFile; fileRef = C3BAFA952A81C28300CFDC84 /* MediaGalleryView.swift */; };
		C3753E8C2A95622C003175B5 /* MediaObjectView.swift in Sources */ = {isa = PBXBuildFile; fileRef = C3753E8B2A95622C003175B5 /* MediaObjectView.swift */; };
		C3753E8D2A95632F003175B5 /* robot.usdz in Resources */ = {isa = PBXBuildFile; fileRef = C3BAFAA72A81C28300CFDC84 /* robot.usdz */; };
		C38D918C2B3258D400F94D9F /* Turf in Frameworks */ = {isa = PBXBuildFile; productRef = C38D918B2B3258D400F94D9F /* Turf */; };
		C39770A92A9950540052183D /* AVObjectView.swift in Sources */ = {isa = PBXBuildFile; fileRef = C39770A82A9950540052183D /* AVObjectView.swift */; };
		C39770AA2A9950540052183D /* AVObjectView.swift in Sources */ = {isa = PBXBuildFile; fileRef = C39770A82A9950540052183D /* AVObjectView.swift */; };
		C39770AC2A9950EC0052183D /* video.mp4 in Resources */ = {isa = PBXBuildFile; fileRef = C39770AB2A9950EC0052183D /* video.mp4 */; };
		C39770AD2A9950EC0052183D /* video.mp4 in Resources */ = {isa = PBXBuildFile; fileRef = C39770AB2A9950EC0052183D /* video.mp4 */; };
		C39770AF2A9952AD0052183D /* audio.mp3 in Resources */ = {isa = PBXBuildFile; fileRef = C39770AE2A9952AD0052183D /* audio.mp3 */; };
		C39770B02A9952AD0052183D /* audio.mp3 in Resources */ = {isa = PBXBuildFile; fileRef = C39770AE2A9952AD0052183D /* audio.mp3 */; };
		C3982F6D2A96B8860089AF69 /* sample-logo.png in Resources */ = {isa = PBXBuildFile; fileRef = C3982F6B2A96B8720089AF69 /* sample-logo.png */; };
		C3982F6E2A96D3B40089AF69 /* ModelQLView.swift in Sources */ = {isa = PBXBuildFile; fileRef = C3BAFA962A81C28300CFDC84 /* ModelQLView.swift */; };
		C39AB1FD2B31214100F83ABE /* Geohash in Frameworks */ = {isa = PBXBuildFile; productRef = C39AB1FC2B31214100F83ABE /* Geohash */; };
		C39AB1FF2B3121C700F83ABE /* ParcelPreviewSmallCell.swift in Sources */ = {isa = PBXBuildFile; fileRef = C39AB1FE2B3121C700F83ABE /* ParcelPreviewSmallCell.swift */; };
		C39AB2002B3121C700F83ABE /* ParcelPreviewSmallCell.swift in Sources */ = {isa = PBXBuildFile; fileRef = C39AB1FE2B3121C700F83ABE /* ParcelPreviewSmallCell.swift */; };
		C39AB2012B312DC600F83ABE /* AugmentListView.swift in Sources */ = {isa = PBXBuildFile; fileRef = C3F9DB202ADE07A5007EDDD6 /* AugmentListView.swift */; };
		C3A41CE52AFF090E008E0BFC /* Web3 in Frameworks */ = {isa = PBXBuildFile; productRef = C3A41CE42AFF090E008E0BFC /* Web3 */; };
		C3A41CE72AFF090E008E0BFC /* Web3ContractABI in Frameworks */ = {isa = PBXBuildFile; productRef = C3A41CE62AFF090E008E0BFC /* Web3ContractABI */; };
		C3A41CE92AFF090E008E0BFC /* Web3PromiseKit in Frameworks */ = {isa = PBXBuildFile; productRef = C3A41CE82AFF090E008E0BFC /* Web3PromiseKit */; };
		C3A41CEC2AFF091E008E0BFC /* SwiftMUD in Frameworks */ = {isa = PBXBuildFile; productRef = C3A41CEB2AFF091E008E0BFC /* SwiftMUD */; };
		C3A41CEE2AFF40E2008E0BFC /* USDZModelSystem.swift in Sources */ = {isa = PBXBuildFile; fileRef = C3A41CED2AFF40E2008E0BFC /* USDZModelSystem.swift */; };
		C3A41CEF2AFF40E2008E0BFC /* USDZModelSystem.swift in Sources */ = {isa = PBXBuildFile; fileRef = C3A41CED2AFF40E2008E0BFC /* USDZModelSystem.swift */; };
		C3ABECD22A958E4C00C64510 /* sample-favicon.png in Resources */ = {isa = PBXBuildFile; fileRef = C3ABECD12A958E4C00C64510 /* sample-favicon.png */; };
		C3B65E962B03F70C00909CA2 /* Geohash in Frameworks */ = {isa = PBXBuildFile; productRef = C3B65E952B03F70C00909CA2 /* Geohash */; };
		C3B65E982B04002D00909CA2 /* OrientationCom.swift in Sources */ = {isa = PBXBuildFile; fileRef = C3B65E972B04002D00909CA2 /* OrientationCom.swift */; };
		C3B65E992B04002D00909CA2 /* OrientationCom.swift in Sources */ = {isa = PBXBuildFile; fileRef = C3B65E972B04002D00909CA2 /* OrientationCom.swift */; };
		C3B65E9E2B04090E00909CA2 /* ScaleCom.swift in Sources */ = {isa = PBXBuildFile; fileRef = C3B65E9D2B04090E00909CA2 /* ScaleCom.swift */; };
		C3B65E9F2B04090E00909CA2 /* ScaleCom.swift in Sources */ = {isa = PBXBuildFile; fileRef = C3B65E9D2B04090E00909CA2 /* ScaleCom.swift */; };
		C3BAFAB52A81C28300CFDC84 /* ModelSceneView.swift in Sources */ = {isa = PBXBuildFile; fileRef = C3BAFA942A81C28300CFDC84 /* ModelSceneView.swift */; };
		C3BAFAB72A81C28300CFDC84 /* ModelQLView.swift in Sources */ = {isa = PBXBuildFile; fileRef = C3BAFA962A81C28300CFDC84 /* ModelQLView.swift */; };
		C3BAFAB82A81C28300CFDC84 /* Assets.xcassets in Resources */ = {isa = PBXBuildFile; fileRef = C3BAFA972A81C28300CFDC84 /* Assets.xcassets */; };
		C3BAFAB92A81C28300CFDC84 /* Preview Assets.xcassets in Resources */ = {isa = PBXBuildFile; fileRef = C3BAFA992A81C28300CFDC84 /* Preview Assets.xcassets */; };
		C3BAFABA2A81C28300CFDC84 /* GeoWebiOSDesignsApp.swift in Sources */ = {isa = PBXBuildFile; fileRef = C3BAFA9A2A81C28300CFDC84 /* GeoWebiOSDesignsApp.swift */; };
		C3BAFABB2A81C28300CFDC84 /* buddha.glb in Resources */ = {isa = PBXBuildFile; fileRef = C3BAFA9C2A81C28300CFDC84 /* buddha.glb */; };
		C3BAFAC12A81C28300CFDC84 /* MapViewCellVariant1.swift in Sources */ = {isa = PBXBuildFile; fileRef = C3BAFAA42A81C28300CFDC84 /* MapViewCellVariant1.swift */; };
		C3BAFAC22A81C28300CFDC84 /* MapViewCell.swift in Sources */ = {isa = PBXBuildFile; fileRef = C3BAFAA52A81C28300CFDC84 /* MapViewCell.swift */; };
		C3BAFAC32A81C28300CFDC84 /* MapViewCellVariant2.swift in Sources */ = {isa = PBXBuildFile; fileRef = C3BAFAA62A81C28300CFDC84 /* MapViewCellVariant2.swift */; };
		C3BAFAC42A81C28300CFDC84 /* robot.usdz in Resources */ = {isa = PBXBuildFile; fileRef = C3BAFAA72A81C28300CFDC84 /* robot.usdz */; };
		C3BAFAC52A81C28300CFDC84 /* WebViewCellVariant1.swift in Sources */ = {isa = PBXBuildFile; fileRef = C3BAFAA92A81C28300CFDC84 /* WebViewCellVariant1.swift */; };
		C3BAFAC62A81C28300CFDC84 /* WebViewCellVariant3.swift in Sources */ = {isa = PBXBuildFile; fileRef = C3BAFAAA2A81C28300CFDC84 /* WebViewCellVariant3.swift */; };
		C3BAFAC72A81C28300CFDC84 /* WebViewCellVariant2.swift in Sources */ = {isa = PBXBuildFile; fileRef = C3BAFAAB2A81C28300CFDC84 /* WebViewCellVariant2.swift */; };
		C3BAFAC82A81C28300CFDC84 /* WebViewCell.swift in Sources */ = {isa = PBXBuildFile; fileRef = C3BAFAAC2A81C28300CFDC84 /* WebViewCell.swift */; };
		C3BAFAC92A81C28300CFDC84 /* EnterARButton.swift in Sources */ = {isa = PBXBuildFile; fileRef = C3BAFAAD2A81C28300CFDC84 /* EnterARButton.swift */; };
		C3BAFACB2A81C28300CFDC84 /* FullMapView.swift in Sources */ = {isa = PBXBuildFile; fileRef = C3BAFAB02A81C28300CFDC84 /* FullMapView.swift */; };
		C3BAFACC2A81C28300CFDC84 /* ContentView.swift in Sources */ = {isa = PBXBuildFile; fileRef = C3BAFAB12A81C28300CFDC84 /* ContentView.swift */; };
		C3BAFACD2A81C28300CFDC84 /* ParcelListView.swift in Sources */ = {isa = PBXBuildFile; fileRef = C3BAFAB32A81C28300CFDC84 /* ParcelListView.swift */; };
		C3BAFAD22A81C73700CFDC84 /* ParcelListView2.swift in Sources */ = {isa = PBXBuildFile; fileRef = C3BAFAD12A81C73700CFDC84 /* ParcelListView2.swift */; };
		C3BAFAD42A81C90B00CFDC84 /* ParcelListView3.swift in Sources */ = {isa = PBXBuildFile; fileRef = C3BAFAD32A81C90B00CFDC84 /* ParcelListView3.swift */; };
		C3C211142B460A100063094C /* MapNearbyView.swift in Sources */ = {isa = PBXBuildFile; fileRef = C3C211132B460A100063094C /* MapNearbyView.swift */; };
		C3C211152B460A100063094C /* MapNearbyView.swift in Sources */ = {isa = PBXBuildFile; fileRef = C3C211132B460A100063094C /* MapNearbyView.swift */; };
		C3D9FDC02AE0CC3800DEC3BD /* AugmentCellVariant2.swift in Sources */ = {isa = PBXBuildFile; fileRef = C3D9FDBF2AE0CC3800DEC3BD /* AugmentCellVariant2.swift */; };
		C3D9FDC22AE0CC4E00DEC3BD /* AugmentCellVariant1.swift in Sources */ = {isa = PBXBuildFile; fileRef = C3D9FDC12AE0CC4E00DEC3BD /* AugmentCellVariant1.swift */; };
		C3D9FDC42AE0CD6300DEC3BD /* AugmentCellVariant3.swift in Sources */ = {isa = PBXBuildFile; fileRef = C3D9FDC32AE0CD6300DEC3BD /* AugmentCellVariant3.swift */; };
		C3DBB55B2B23F5C600BDE9AE /* GraphQL in Frameworks */ = {isa = PBXBuildFile; productRef = C3DBB55A2B23F5C600BDE9AE /* GraphQL */; };
		C3DBB55D2B23F5C600BDE9AE /* SwiftGraphQL in Frameworks */ = {isa = PBXBuildFile; productRef = C3DBB55C2B23F5C600BDE9AE /* SwiftGraphQL */; };
		C3DBB55F2B23F5C600BDE9AE /* SwiftGraphQLClient in Frameworks */ = {isa = PBXBuildFile; productRef = C3DBB55E2B23F5C600BDE9AE /* SwiftGraphQLClient */; };
		C3EBACB92AEC78D800D0695F /* AugmentInputSystem.swift in Sources */ = {isa = PBXBuildFile; fileRef = C3EBACB82AEC78D800D0695F /* AugmentInputSystem.swift */; };
		C3EBACBA2AEC78D800D0695F /* AugmentInputSystem.swift in Sources */ = {isa = PBXBuildFile; fileRef = C3EBACB82AEC78D800D0695F /* AugmentInputSystem.swift */; };
		C3EBACBC2AEC7B9900D0695F /* FramedImageSystem.swift in Sources */ = {isa = PBXBuildFile; fileRef = C3EBACBB2AEC7B9900D0695F /* FramedImageSystem.swift */; };
		C3EBACBD2AEC7B9900D0695F /* FramedImageSystem.swift in Sources */ = {isa = PBXBuildFile; fileRef = C3EBACBB2AEC7B9900D0695F /* FramedImageSystem.swift */; };
		C3EBACBF2AEC7BE000D0695F /* ImageCom.swift in Sources */ = {isa = PBXBuildFile; fileRef = C3EBACBE2AEC7BE000D0695F /* ImageCom.swift */; };
		C3EBACC02AEC7BE000D0695F /* ImageCom.swift in Sources */ = {isa = PBXBuildFile; fileRef = C3EBACBE2AEC7BE000D0695F /* ImageCom.swift */; };
		C3EBACC22AEC870800D0695F /* Data+SaveTemp.swift in Sources */ = {isa = PBXBuildFile; fileRef = C3EBACC12AEC870800D0695F /* Data+SaveTemp.swift */; };
		C3EBACC32AEC870800D0695F /* Data+SaveTemp.swift in Sources */ = {isa = PBXBuildFile; fileRef = C3EBACC12AEC870800D0695F /* Data+SaveTemp.swift */; };
		C3EBACC72AEC8F5F00D0695F /* GLBModelSystem.swift in Sources */ = {isa = PBXBuildFile; fileRef = C3EBACC62AEC8F5F00D0695F /* GLBModelSystem.swift */; };
		C3EBACC82AEC8F5F00D0695F /* GLBModelSystem.swift in Sources */ = {isa = PBXBuildFile; fileRef = C3EBACC62AEC8F5F00D0695F /* GLBModelSystem.swift */; };
		C3EBACCA2AEC8F9000D0695F /* ModelCom.swift in Sources */ = {isa = PBXBuildFile; fileRef = C3EBACC92AEC8F9000D0695F /* ModelCom.swift */; };
		C3EBACCB2AEC8F9000D0695F /* ModelCom.swift in Sources */ = {isa = PBXBuildFile; fileRef = C3EBACC92AEC8F9000D0695F /* ModelCom.swift */; };
		C3EBACD12AEDA88A00D0695F /* AugmentPreviewView.swift in Sources */ = {isa = PBXBuildFile; fileRef = C3EBACD02AEDA88A00D0695F /* AugmentPreviewView.swift */; };
		C3EBACD42AEDA99700D0695F /* AugmentContract.swift in Sources */ = {isa = PBXBuildFile; fileRef = C3EBACD32AEDA99700D0695F /* AugmentContract.swift */; };
		C3EBACD62AEDAF8900D0695F /* PositionCom.swift in Sources */ = {isa = PBXBuildFile; fileRef = C3EBACD52AEDAF8900D0695F /* PositionCom.swift */; };
		C3EBACD72AEDAF8900D0695F /* PositionCom.swift in Sources */ = {isa = PBXBuildFile; fileRef = C3EBACD52AEDAF8900D0695F /* PositionCom.swift */; };
		C3EBACDB2AEDC53E00D0695F /* AugmentInstallationSystemContract.swift in Sources */ = {isa = PBXBuildFile; fileRef = C3EBACDA2AEDC53E00D0695F /* AugmentInstallationSystemContract.swift */; };
		C3F94F8E2AA6A3020051B484 /* AnchorTransformSystem.swift in Sources */ = {isa = PBXBuildFile; fileRef = C3F94F8D2AA6A3020051B484 /* AnchorTransformSystem.swift */; };
		C3F9DB192ADDFAF4007EDDD6 /* ParcelMetadataView.swift in Sources */ = {isa = PBXBuildFile; fileRef = C3F9DB182ADDFAF4007EDDD6 /* ParcelMetadataView.swift */; };
		C3F9DB1C2ADE0003007EDDD6 /* AugmentCell.swift in Sources */ = {isa = PBXBuildFile; fileRef = C3F9DB1B2ADE0003007EDDD6 /* AugmentCell.swift */; };
		C3F9DB1F2ADE04AE007EDDD6 /* ParcelPreviewCell.swift in Sources */ = {isa = PBXBuildFile; fileRef = C3F9DB1E2ADE04AE007EDDD6 /* ParcelPreviewCell.swift */; };
		C3F9DB212ADE07A5007EDDD6 /* AugmentListView.swift in Sources */ = {isa = PBXBuildFile; fileRef = C3F9DB202ADE07A5007EDDD6 /* AugmentListView.swift */; };
/* End PBXBuildFile section */

/* Begin PBXContainerItemProxy section */
		C306FCC62ABA176E003D2754 /* PBXContainerItemProxy */ = {
			isa = PBXContainerItemProxy;
			containerPortal = C31D00B02AB8EC1100AC0CA4 /* GLTFKit2.xcodeproj */;
			proxyType = 1;
			remoteGlobalIDString = 834FF1C325C27938001887C2;
			remoteInfo = GLTFKit2;
		};
		C306FCC82ABA1772003D2754 /* PBXContainerItemProxy */ = {
			isa = PBXContainerItemProxy;
			containerPortal = C31D00B02AB8EC1100AC0CA4 /* GLTFKit2.xcodeproj */;
			proxyType = 1;
			remoteGlobalIDString = 834FF1C325C27938001887C2;
			remoteInfo = GLTFKit2;
		};
		C31D00B42AB8EC1100AC0CA4 /* PBXContainerItemProxy */ = {
			isa = PBXContainerItemProxy;
			containerPortal = C31D00B02AB8EC1100AC0CA4 /* GLTFKit2.xcodeproj */;
			proxyType = 2;
			remoteGlobalIDString = 834FF1C425C27938001887C2;
			remoteInfo = GLTFKit2;
		};
/* End PBXContainerItemProxy section */

/* Begin PBXCopyFilesBuildPhase section */
		C317177E2AA7E83800D695B3 /* Embed Frameworks */ = {
			isa = PBXCopyFilesBuildPhase;
			buildActionMask = 2147483647;
			dstPath = "";
			dstSubfolderSpec = 10;
			files = (
				C31D00B72AB8EC2300AC0CA4 /* GLTFKit2.framework in Embed Frameworks */,
			);
			name = "Embed Frameworks";
			runOnlyForDeploymentPostprocessing = 0;
		};
		C35A33612AB35B83007A163D /* Embed Frameworks */ = {
			isa = PBXCopyFilesBuildPhase;
			buildActionMask = 2147483647;
			dstPath = "";
			dstSubfolderSpec = 10;
			files = (
				C31D00B92AB8EC2900AC0CA4 /* GLTFKit2.framework in Embed Frameworks */,
			);
			name = "Embed Frameworks";
			runOnlyForDeploymentPostprocessing = 0;
		};
		C3EDAF9F2A7B148F00C80B0A /* Embed Foundation Extensions */ = {
			isa = PBXCopyFilesBuildPhase;
			buildActionMask = 2147483647;
			dstPath = "";
			dstSubfolderSpec = 13;
			files = (
			);
			name = "Embed Foundation Extensions";
			runOnlyForDeploymentPostprocessing = 0;
		};
/* End PBXCopyFilesBuildPhase section */

/* Begin PBXFileReference section */
		C308E7D62A9437CB00EEC111 /* WorldCameraView.swift */ = {isa = PBXFileReference; lastKnownFileType = sourcecode.swift; path = WorldCameraView.swift; sourceTree = "<group>"; };
		C31ABFCF2A9D644100F3368C /* WorldListItemView1.swift */ = {isa = PBXFileReference; lastKnownFileType = sourcecode.swift; path = WorldListItemView1.swift; sourceTree = "<group>"; };
		C31D00B02AB8EC1100AC0CA4 /* GLTFKit2.xcodeproj */ = {isa = PBXFileReference; lastKnownFileType = "wrapper.pb-project"; name = GLTFKit2.xcodeproj; path = GLTFKit2/GLTFKit2/GLTFKit2.xcodeproj; sourceTree = "<group>"; };
		C31E0AC02AC4E2A100051DFF /* ImageTargetARView.swift */ = {isa = PBXFileReference; lastKnownFileType = sourcecode.swift; path = ImageTargetARView.swift; sourceTree = "<group>"; };
		C331C8F32A82EB81004B1238 /* AddWorldFormView.swift */ = {isa = PBXFileReference; lastKnownFileType = sourcecode.swift; path = AddWorldFormView.swift; sourceTree = "<group>"; };
		C331C8F92A82F03E004B1238 /* GeoWebiOS.app */ = {isa = PBXFileReference; explicitFileType = wrapper.application; includeInIndex = 0; path = GeoWebiOS.app; sourceTree = BUILT_PRODUCTS_DIR; };
		C331C8FB2A82F03E004B1238 /* GeoWebiOSApp.swift */ = {isa = PBXFileReference; lastKnownFileType = sourcecode.swift; path = GeoWebiOSApp.swift; sourceTree = "<group>"; };
		C331C9012A82F040004B1238 /* Assets.xcassets */ = {isa = PBXFileReference; lastKnownFileType = folder.assetcatalog; path = Assets.xcassets; sourceTree = "<group>"; };
		C331C9042A82F040004B1238 /* Preview Assets.xcassets */ = {isa = PBXFileReference; lastKnownFileType = folder.assetcatalog; path = "Preview Assets.xcassets"; sourceTree = "<group>"; };
		C331C90A2A82F082004B1238 /* NameCom.swift */ = {isa = PBXFileReference; fileEncoding = 4; lastKnownFileType = sourcecode.swift; path = NameCom.swift; sourceTree = "<group>"; };
		C33544342AEF2BD4007FFD1B /* AccessManagementSystemContract.swift */ = {isa = PBXFileReference; lastKnownFileType = sourcecode.swift; path = AccessManagementSystemContract.swift; sourceTree = "<group>"; };
		C335444A2AEF4C3C007FFD1B /* NFTCom.swift */ = {isa = PBXFileReference; lastKnownFileType = sourcecode.swift; path = NFTCom.swift; sourceTree = "<group>"; };
		C335444C2AEF5CDD007FFD1B /* FramedNFTImageSystem.swift */ = {isa = PBXFileReference; lastKnownFileType = sourcecode.swift; path = FramedNFTImageSystem.swift; sourceTree = "<group>"; };
		C3386F2C2AEC32BC00720F7A /* AugmentCameraView.swift */ = {isa = PBXFileReference; lastKnownFileType = sourcecode.swift; path = AugmentCameraView.swift; sourceTree = "<group>"; };
		C3386F332AEC62D300720F7A /* ModelAugmentPreview.swift */ = {isa = PBXFileReference; lastKnownFileType = sourcecode.swift; path = ModelAugmentPreview.swift; sourceTree = "<group>"; };
		C3386F352AEC68B600720F7A /* ImageAugmentPreview.swift */ = {isa = PBXFileReference; lastKnownFileType = sourcecode.swift; path = ImageAugmentPreview.swift; sourceTree = "<group>"; };
		C34114522B0ED193004BC70A /* TabSheetView.swift */ = {isa = PBXFileReference; lastKnownFileType = sourcecode.swift; path = TabSheetView.swift; sourceTree = "<group>"; };
		C34114582B0EDBA6004BC70A /* TabBarEllipse1.swift */ = {isa = PBXFileReference; lastKnownFileType = sourcecode.swift; path = TabBarEllipse1.swift; sourceTree = "<group>"; };
		C341145B2B0EDD4B004BC70A /* TabBarEllipse.swift */ = {isa = PBXFileReference; lastKnownFileType = sourcecode.swift; path = TabBarEllipse.swift; sourceTree = "<group>"; };
		C34B35302A9FF3C20079A314 /* EnterARButton.swift */ = {isa = PBXFileReference; lastKnownFileType = sourcecode.swift; path = EnterARButton.swift; sourceTree = "<group>"; };
		C34B35322A9FF4300079A314 /* WorldARView.swift */ = {isa = PBXFileReference; lastKnownFileType = sourcecode.swift; path = WorldARView.swift; sourceTree = "<group>"; };
		C3552C4B2AF7EADC00E0BC45 /* geoweb.glb */ = {isa = PBXFileReference; lastKnownFileType = file; path = geoweb.glb; sourceTree = "<group>"; };
		C3552C4D2AF7EFE600E0BC45 /* GeoModelAugmentView.swift */ = {isa = PBXFileReference; lastKnownFileType = sourcecode.swift; path = GeoModelAugmentView.swift; sourceTree = "<group>"; };
		C356AE0B2AFEE80F0052C11B /* GeoAnchorSystem.swift */ = {isa = PBXFileReference; lastKnownFileType = sourcecode.swift; path = GeoAnchorSystem.swift; sourceTree = "<group>"; };
		C35A33732AB384E6007A163D /* ImageCaptureARView.swift */ = {isa = PBXFileReference; lastKnownFileType = sourcecode.swift; path = ImageCaptureARView.swift; sourceTree = "<group>"; };
		C35A33762AB4615D007A163D /* GeoPublishARView.swift */ = {isa = PBXFileReference; lastKnownFileType = sourcecode.swift; path = GeoPublishARView.swift; sourceTree = "<group>"; };
		C35A33782AB46A87007A163D /* Info.plist */ = {isa = PBXFileReference; lastKnownFileType = text.plist; path = Info.plist; sourceTree = "<group>"; };
		C365155B2B2BB5CE0057FFF1 /* GraphQL.swift */ = {isa = PBXFileReference; fileEncoding = 4; lastKnownFileType = sourcecode.swift; path = GraphQL.swift; sourceTree = "<group>"; };
		C36CF5032B30EC2F002D50DA /* GeoWebParcel.swift */ = {isa = PBXFileReference; lastKnownFileType = sourcecode.swift; path = GeoWebParcel.swift; sourceTree = "<group>"; };
		C3753E862A9558D5003175B5 /* MediaGalleryCell.swift */ = {isa = PBXFileReference; lastKnownFileType = sourcecode.swift; path = MediaGalleryCell.swift; sourceTree = "<group>"; };
		C3753E882A955E8C003175B5 /* MediaGalleryView.swift */ = {isa = PBXFileReference; lastKnownFileType = sourcecode.swift; path = MediaGalleryView.swift; sourceTree = "<group>"; };
		C3753E8B2A95622C003175B5 /* MediaObjectView.swift */ = {isa = PBXFileReference; lastKnownFileType = sourcecode.swift; path = MediaObjectView.swift; sourceTree = "<group>"; };
		C386B5782A7312BB008F6473 /* GeoWebiOSDesigns.app */ = {isa = PBXFileReference; explicitFileType = wrapper.application; includeInIndex = 0; path = GeoWebiOSDesigns.app; sourceTree = BUILT_PRODUCTS_DIR; };
		C39770A82A9950540052183D /* AVObjectView.swift */ = {isa = PBXFileReference; lastKnownFileType = sourcecode.swift; path = AVObjectView.swift; sourceTree = "<group>"; };
		C39770AB2A9950EC0052183D /* video.mp4 */ = {isa = PBXFileReference; lastKnownFileType = file; path = video.mp4; sourceTree = "<group>"; };
		C39770AE2A9952AD0052183D /* audio.mp3 */ = {isa = PBXFileReference; lastKnownFileType = audio.mp3; path = audio.mp3; sourceTree = "<group>"; };
		C3982F6B2A96B8720089AF69 /* sample-logo.png */ = {isa = PBXFileReference; lastKnownFileType = image.png; path = "sample-logo.png"; sourceTree = "<group>"; };
		C39AB1FE2B3121C700F83ABE /* ParcelPreviewSmallCell.swift */ = {isa = PBXFileReference; lastKnownFileType = sourcecode.swift; path = ParcelPreviewSmallCell.swift; sourceTree = "<group>"; };
		C3A41CED2AFF40E2008E0BFC /* USDZModelSystem.swift */ = {isa = PBXFileReference; lastKnownFileType = sourcecode.swift; path = USDZModelSystem.swift; sourceTree = "<group>"; };
		C3ABECD12A958E4C00C64510 /* sample-favicon.png */ = {isa = PBXFileReference; lastKnownFileType = image.png; path = "sample-favicon.png"; sourceTree = "<group>"; };
		C3B65E972B04002D00909CA2 /* OrientationCom.swift */ = {isa = PBXFileReference; lastKnownFileType = sourcecode.swift; path = OrientationCom.swift; sourceTree = "<group>"; };
		C3B65E9D2B04090E00909CA2 /* ScaleCom.swift */ = {isa = PBXFileReference; lastKnownFileType = sourcecode.swift; path = ScaleCom.swift; sourceTree = "<group>"; };
		C3BAFA942A81C28300CFDC84 /* ModelSceneView.swift */ = {isa = PBXFileReference; fileEncoding = 4; lastKnownFileType = sourcecode.swift; path = ModelSceneView.swift; sourceTree = "<group>"; };
		C3BAFA952A81C28300CFDC84 /* MediaGalleryView.swift */ = {isa = PBXFileReference; fileEncoding = 4; lastKnownFileType = sourcecode.swift; path = MediaGalleryView.swift; sourceTree = "<group>"; };
		C3BAFA962A81C28300CFDC84 /* ModelQLView.swift */ = {isa = PBXFileReference; fileEncoding = 4; lastKnownFileType = sourcecode.swift; path = ModelQLView.swift; sourceTree = "<group>"; };
		C3BAFA972A81C28300CFDC84 /* Assets.xcassets */ = {isa = PBXFileReference; lastKnownFileType = folder.assetcatalog; path = Assets.xcassets; sourceTree = "<group>"; };
		C3BAFA992A81C28300CFDC84 /* Preview Assets.xcassets */ = {isa = PBXFileReference; lastKnownFileType = folder.assetcatalog; path = "Preview Assets.xcassets"; sourceTree = "<group>"; };
		C3BAFA9A2A81C28300CFDC84 /* GeoWebiOSDesignsApp.swift */ = {isa = PBXFileReference; fileEncoding = 4; lastKnownFileType = sourcecode.swift; path = GeoWebiOSDesignsApp.swift; sourceTree = "<group>"; };
		C3BAFA9C2A81C28300CFDC84 /* buddha.glb */ = {isa = PBXFileReference; lastKnownFileType = file; path = buddha.glb; sourceTree = "<group>"; };
		C3BAFAA42A81C28300CFDC84 /* MapViewCellVariant1.swift */ = {isa = PBXFileReference; fileEncoding = 4; lastKnownFileType = sourcecode.swift; path = MapViewCellVariant1.swift; sourceTree = "<group>"; };
		C3BAFAA52A81C28300CFDC84 /* MapViewCell.swift */ = {isa = PBXFileReference; fileEncoding = 4; lastKnownFileType = sourcecode.swift; path = MapViewCell.swift; sourceTree = "<group>"; };
		C3BAFAA62A81C28300CFDC84 /* MapViewCellVariant2.swift */ = {isa = PBXFileReference; fileEncoding = 4; lastKnownFileType = sourcecode.swift; path = MapViewCellVariant2.swift; sourceTree = "<group>"; };
		C3BAFAA72A81C28300CFDC84 /* robot.usdz */ = {isa = PBXFileReference; lastKnownFileType = file.usdz; path = robot.usdz; sourceTree = "<group>"; };
		C3BAFAA92A81C28300CFDC84 /* WebViewCellVariant1.swift */ = {isa = PBXFileReference; fileEncoding = 4; lastKnownFileType = sourcecode.swift; path = WebViewCellVariant1.swift; sourceTree = "<group>"; };
		C3BAFAAA2A81C28300CFDC84 /* WebViewCellVariant3.swift */ = {isa = PBXFileReference; fileEncoding = 4; lastKnownFileType = sourcecode.swift; path = WebViewCellVariant3.swift; sourceTree = "<group>"; };
		C3BAFAAB2A81C28300CFDC84 /* WebViewCellVariant2.swift */ = {isa = PBXFileReference; fileEncoding = 4; lastKnownFileType = sourcecode.swift; path = WebViewCellVariant2.swift; sourceTree = "<group>"; };
		C3BAFAAC2A81C28300CFDC84 /* WebViewCell.swift */ = {isa = PBXFileReference; fileEncoding = 4; lastKnownFileType = sourcecode.swift; path = WebViewCell.swift; sourceTree = "<group>"; };
		C3BAFAAD2A81C28300CFDC84 /* EnterARButton.swift */ = {isa = PBXFileReference; fileEncoding = 4; lastKnownFileType = sourcecode.swift; path = EnterARButton.swift; sourceTree = "<group>"; };
		C3BAFAB02A81C28300CFDC84 /* FullMapView.swift */ = {isa = PBXFileReference; fileEncoding = 4; lastKnownFileType = sourcecode.swift; path = FullMapView.swift; sourceTree = "<group>"; };
		C3BAFAB12A81C28300CFDC84 /* ContentView.swift */ = {isa = PBXFileReference; fileEncoding = 4; lastKnownFileType = sourcecode.swift; path = ContentView.swift; sourceTree = "<group>"; };
		C3BAFAB32A81C28300CFDC84 /* ParcelListView.swift */ = {isa = PBXFileReference; fileEncoding = 4; lastKnownFileType = sourcecode.swift; path = ParcelListView.swift; sourceTree = "<group>"; };
		C3BAFAD12A81C73700CFDC84 /* ParcelListView2.swift */ = {isa = PBXFileReference; lastKnownFileType = sourcecode.swift; path = ParcelListView2.swift; sourceTree = "<group>"; };
		C3BAFAD32A81C90B00CFDC84 /* ParcelListView3.swift */ = {isa = PBXFileReference; lastKnownFileType = sourcecode.swift; path = ParcelListView3.swift; sourceTree = "<group>"; };
		C3C211132B460A100063094C /* MapNearbyView.swift */ = {isa = PBXFileReference; lastKnownFileType = sourcecode.swift; path = MapNearbyView.swift; sourceTree = "<group>"; };
		C3D9FDBF2AE0CC3800DEC3BD /* AugmentCellVariant2.swift */ = {isa = PBXFileReference; lastKnownFileType = sourcecode.swift; path = AugmentCellVariant2.swift; sourceTree = "<group>"; };
		C3D9FDC12AE0CC4E00DEC3BD /* AugmentCellVariant1.swift */ = {isa = PBXFileReference; lastKnownFileType = sourcecode.swift; path = AugmentCellVariant1.swift; sourceTree = "<group>"; };
		C3D9FDC32AE0CD6300DEC3BD /* AugmentCellVariant3.swift */ = {isa = PBXFileReference; lastKnownFileType = sourcecode.swift; path = AugmentCellVariant3.swift; sourceTree = "<group>"; };
		C3EBACB82AEC78D800D0695F /* AugmentInputSystem.swift */ = {isa = PBXFileReference; lastKnownFileType = sourcecode.swift; path = AugmentInputSystem.swift; sourceTree = "<group>"; };
		C3EBACBB2AEC7B9900D0695F /* FramedImageSystem.swift */ = {isa = PBXFileReference; lastKnownFileType = sourcecode.swift; path = FramedImageSystem.swift; sourceTree = "<group>"; };
		C3EBACBE2AEC7BE000D0695F /* ImageCom.swift */ = {isa = PBXFileReference; lastKnownFileType = sourcecode.swift; path = ImageCom.swift; sourceTree = "<group>"; };
		C3EBACC12AEC870800D0695F /* Data+SaveTemp.swift */ = {isa = PBXFileReference; lastKnownFileType = sourcecode.swift; path = "Data+SaveTemp.swift"; sourceTree = "<group>"; };
		C3EBACC62AEC8F5F00D0695F /* GLBModelSystem.swift */ = {isa = PBXFileReference; lastKnownFileType = sourcecode.swift; path = GLBModelSystem.swift; sourceTree = "<group>"; };
		C3EBACC92AEC8F9000D0695F /* ModelCom.swift */ = {isa = PBXFileReference; lastKnownFileType = sourcecode.swift; path = ModelCom.swift; sourceTree = "<group>"; };
		C3EBACD02AEDA88A00D0695F /* AugmentPreviewView.swift */ = {isa = PBXFileReference; lastKnownFileType = sourcecode.swift; path = AugmentPreviewView.swift; sourceTree = "<group>"; };
		C3EBACD32AEDA99700D0695F /* AugmentContract.swift */ = {isa = PBXFileReference; lastKnownFileType = sourcecode.swift; path = AugmentContract.swift; sourceTree = "<group>"; };
		C3EBACD52AEDAF8900D0695F /* PositionCom.swift */ = {isa = PBXFileReference; lastKnownFileType = sourcecode.swift; path = PositionCom.swift; sourceTree = "<group>"; };
		C3EBACDA2AEDC53E00D0695F /* AugmentInstallationSystemContract.swift */ = {isa = PBXFileReference; lastKnownFileType = sourcecode.swift; path = AugmentInstallationSystemContract.swift; sourceTree = "<group>"; };
		C3EDAF912A7B148D00C80B0A /* WidgetKit.framework */ = {isa = PBXFileReference; lastKnownFileType = wrapper.framework; name = WidgetKit.framework; path = System/Library/Frameworks/WidgetKit.framework; sourceTree = SDKROOT; };
		C3EDAF932A7B148D00C80B0A /* SwiftUI.framework */ = {isa = PBXFileReference; lastKnownFileType = wrapper.framework; name = SwiftUI.framework; path = System/Library/Frameworks/SwiftUI.framework; sourceTree = SDKROOT; };
		C3F94F8D2AA6A3020051B484 /* AnchorTransformSystem.swift */ = {isa = PBXFileReference; lastKnownFileType = sourcecode.swift; path = AnchorTransformSystem.swift; sourceTree = "<group>"; };
		C3F9DB182ADDFAF4007EDDD6 /* ParcelMetadataView.swift */ = {isa = PBXFileReference; lastKnownFileType = sourcecode.swift; path = ParcelMetadataView.swift; sourceTree = "<group>"; };
		C3F9DB1B2ADE0003007EDDD6 /* AugmentCell.swift */ = {isa = PBXFileReference; lastKnownFileType = sourcecode.swift; path = AugmentCell.swift; sourceTree = "<group>"; };
		C3F9DB1E2ADE04AE007EDDD6 /* ParcelPreviewCell.swift */ = {isa = PBXFileReference; lastKnownFileType = sourcecode.swift; path = ParcelPreviewCell.swift; sourceTree = "<group>"; };
		C3F9DB202ADE07A5007EDDD6 /* AugmentListView.swift */ = {isa = PBXFileReference; lastKnownFileType = sourcecode.swift; path = AugmentListView.swift; sourceTree = "<group>"; };
/* End PBXFileReference section */

/* Begin PBXFrameworksBuildPhase section */
		C331C8F62A82F03E004B1238 /* Frameworks */ = {
			isa = PBXFrameworksBuildPhase;
			buildActionMask = 2147483647;
			files = (
				C3A41CE72AFF090E008E0BFC /* Web3ContractABI in Frameworks */,
				C31D00B62AB8EC2300AC0CA4 /* GLTFKit2.framework in Frameworks */,
				C33544492AEF41A9007FFD1B /* CID in Frameworks */,
				C3B65E962B03F70C00909CA2 /* Geohash in Frameworks */,
				C3DBB55D2B23F5C600BDE9AE /* SwiftGraphQL in Frameworks */,
				C3A41CEC2AFF091E008E0BFC /* SwiftMUD in Frameworks */,
				C3DBB55F2B23F5C600BDE9AE /* SwiftGraphQLClient in Frameworks */,
				C308E7E32A94394900EEC111 /* SwiftGLTF in Frameworks */,
				C3DBB55B2B23F5C600BDE9AE /* GraphQL in Frameworks */,
				C38D918C2B3258D400F94D9F /* Turf in Frameworks */,
				C3A41CE92AFF090E008E0BFC /* Web3PromiseKit in Frameworks */,
				C3A41CE52AFF090E008E0BFC /* Web3 in Frameworks */,
			);
			runOnlyForDeploymentPostprocessing = 0;
		};
		C386B5752A7312BB008F6473 /* Frameworks */ = {
			isa = PBXFrameworksBuildPhase;
			buildActionMask = 2147483647;
			files = (
				C33682932A79BA4C00CA5F43 /* SwiftGLTF in Frameworks */,
				C34114562B0ED71D004BC70A /* SwiftMUD in Frameworks */,
				C31D00B82AB8EC2900AC0CA4 /* GLTFKit2.framework in Frameworks */,
				C3552C4A2AF7E3A100E0BC45 /* CID in Frameworks */,
				C39AB1FD2B31214100F83ABE /* Geohash in Frameworks */,
			);
			runOnlyForDeploymentPostprocessing = 0;
		};
/* End PBXFrameworksBuildPhase section */

/* Begin PBXGroup section */
		C308E7D92A94388E00EEC111 /* Views */ = {
			isa = PBXGroup;
			children = (
				C308E7D62A9437CB00EEC111 /* WorldCameraView.swift */,
				C3753E862A9558D5003175B5 /* MediaGalleryCell.swift */,
				C3753E882A955E8C003175B5 /* MediaGalleryView.swift */,
				C3753E8B2A95622C003175B5 /* MediaObjectView.swift */,
				C34B35302A9FF3C20079A314 /* EnterARButton.swift */,
				C34B35322A9FF4300079A314 /* WorldARView.swift */,
				C3EBACD02AEDA88A00D0695F /* AugmentPreviewView.swift */,
			);
			path = Views;
			sourceTree = "<group>";
		};
		C31D00B12AB8EC1100AC0CA4 /* Products */ = {
			isa = PBXGroup;
			children = (
				C31D00B52AB8EC1100AC0CA4 /* GLTFKit2.framework */,
			);
			name = Products;
			sourceTree = "<group>";
		};
		C331C8FA2A82F03E004B1238 /* GeoWebiOS */ = {
			isa = PBXGroup;
			children = (
				C365155A2B2BB5CE0057FFF1 /* generated */,
				C331C8FB2A82F03E004B1238 /* GeoWebiOSApp.swift */,
				C308E7D92A94388E00EEC111 /* Views */,
				C377A5012A82FC8A003FB3EF /* Systems */,
				C3EBACD22AEDA98300D0695F /* Contracts */,
				C331C9092A82F082004B1238 /* Tables */,
				C331C9012A82F040004B1238 /* Assets.xcassets */,
				C331C9032A82F040004B1238 /* Preview Content */,
			);
			path = GeoWebiOS;
			sourceTree = "<group>";
		};
		C331C9032A82F040004B1238 /* Preview Content */ = {
			isa = PBXGroup;
			children = (
				C39770AE2A9952AD0052183D /* audio.mp3 */,
				C39770AB2A9950EC0052183D /* video.mp4 */,
				C3982F6B2A96B8720089AF69 /* sample-logo.png */,
				C3ABECD12A958E4C00C64510 /* sample-favicon.png */,
				C331C9042A82F040004B1238 /* Preview Assets.xcassets */,
			);
			path = "Preview Content";
			sourceTree = "<group>";
		};
		C331C9092A82F082004B1238 /* Tables */ = {
			isa = PBXGroup;
			children = (
				C331C90A2A82F082004B1238 /* NameCom.swift */,
			);
			path = Tables;
			sourceTree = "<group>";
		};
		C34114572B0EDB90004BC70A /* TabView */ = {
			isa = PBXGroup;
			children = (
				C34114522B0ED193004BC70A /* TabSheetView.swift */,
				C341145B2B0EDD4B004BC70A /* TabBarEllipse.swift */,
				C34114582B0EDBA6004BC70A /* TabBarEllipse1.swift */,
			);
			path = TabView;
			sourceTree = "<group>";
		};
		C35A33622AB360C0007A163D /* Models */ = {
			isa = PBXGroup;
			children = (
				C3EBACD52AEDAF8900D0695F /* PositionCom.swift */,
				C3B65E972B04002D00909CA2 /* OrientationCom.swift */,
				C3B65E9D2B04090E00909CA2 /* ScaleCom.swift */,
				C3EBACBE2AEC7BE000D0695F /* ImageCom.swift */,
				C3EBACC92AEC8F9000D0695F /* ModelCom.swift */,
				C335444A2AEF4C3C007FFD1B /* NFTCom.swift */,
				C3EBACC12AEC870800D0695F /* Data+SaveTemp.swift */,
				C36CF5032B30EC2F002D50DA /* GeoWebParcel.swift */,
			);
			path = Models;
			sourceTree = "<group>";
		};
		C35A33722AB384D1007A163D /* ARViews */ = {
			isa = PBXGroup;
			children = (
				C3386F2C2AEC32BC00720F7A /* AugmentCameraView.swift */,
				C35A33732AB384E6007A163D /* ImageCaptureARView.swift */,
				C35A33762AB4615D007A163D /* GeoPublishARView.swift */,
				C31E0AC02AC4E2A100051DFF /* ImageTargetARView.swift */,
				C3386F332AEC62D300720F7A /* ModelAugmentPreview.swift */,
				C3552C4D2AF7EFE600E0BC45 /* GeoModelAugmentView.swift */,
				C3386F352AEC68B600720F7A /* ImageAugmentPreview.swift */,
			);
			path = ARViews;
			sourceTree = "<group>";
		};
		C365155A2B2BB5CE0057FFF1 /* generated */ = {
			isa = PBXGroup;
			children = (
				C365155B2B2BB5CE0057FFF1 /* GraphQL.swift */,
			);
			path = generated;
			sourceTree = SOURCE_ROOT;
		};
		C377A5012A82FC8A003FB3EF /* Systems */ = {
			isa = PBXGroup;
			children = (
				C3F94F8D2AA6A3020051B484 /* AnchorTransformSystem.swift */,
			);
			path = Systems;
			sourceTree = "<group>";
		};
		C386B56F2A7312BB008F6473 = {
			isa = PBXGroup;
			children = (
				C31D00B02AB8EC1100AC0CA4 /* GLTFKit2.xcodeproj */,
				C3BAFACF2A81C2C600CFDC84 /* Shared */,
				C331C8FA2A82F03E004B1238 /* GeoWebiOS */,
				C3BAFA922A81C28300CFDC84 /* GeoWebiOSDesigns */,
				C3EDAF902A7B148D00C80B0A /* Frameworks */,
				C386B5792A7312BB008F6473 /* Products */,
			);
			sourceTree = "<group>";
		};
		C386B5792A7312BB008F6473 /* Products */ = {
			isa = PBXGroup;
			children = (
				C386B5782A7312BB008F6473 /* GeoWebiOSDesigns.app */,
				C331C8F92A82F03E004B1238 /* GeoWebiOS.app */,
			);
			name = Products;
			sourceTree = "<group>";
		};
		C3BAFA922A81C28300CFDC84 /* GeoWebiOSDesigns */ = {
			isa = PBXGroup;
			children = (
				C35A33782AB46A87007A163D /* Info.plist */,
				C3BAFA972A81C28300CFDC84 /* Assets.xcassets */,
				C3BAFA982A81C28300CFDC84 /* Preview Content */,
				C3BAFA9A2A81C28300CFDC84 /* GeoWebiOSDesignsApp.swift */,
				C3BAFAB12A81C28300CFDC84 /* ContentView.swift */,
			);
			path = GeoWebiOSDesigns;
			sourceTree = "<group>";
		};
		C3BAFA932A81C28300CFDC84 /* MediaGalleryView */ = {
			isa = PBXGroup;
			children = (
				C3BAFA942A81C28300CFDC84 /* ModelSceneView.swift */,
				C3BAFA952A81C28300CFDC84 /* MediaGalleryView.swift */,
				C3BAFA962A81C28300CFDC84 /* ModelQLView.swift */,
				C39770A82A9950540052183D /* AVObjectView.swift */,
			);
			path = MediaGalleryView;
			sourceTree = "<group>";
		};
		C3BAFA982A81C28300CFDC84 /* Preview Content */ = {
			isa = PBXGroup;
			children = (
				C3BAFA992A81C28300CFDC84 /* Preview Assets.xcassets */,
			);
			path = "Preview Content";
			sourceTree = "<group>";
		};
		C3BAFA9B2A81C28300CFDC84 /* ParcelView */ = {
			isa = PBXGroup;
			children = (
				C3552C4B2AF7EADC00E0BC45 /* geoweb.glb */,
				C3BAFA9C2A81C28300CFDC84 /* buddha.glb */,
				C3BAFAA72A81C28300CFDC84 /* robot.usdz */,
				C3F9DB172ADDFACB007EDDD6 /* ParcelMetadataView */,
				C3BAFAA32A81C28300CFDC84 /* MapViewCell */,
				C3BAFAA82A81C28300CFDC84 /* WebViewCell */,
				C3F9DB1A2ADDFFF3007EDDD6 /* AugmentCell */,
				C3F9DB1D2ADE0498007EDDD6 /* ParcelPreviewCell */,
				C3BAFAAD2A81C28300CFDC84 /* EnterARButton.swift */,
			);
			path = ParcelView;
			sourceTree = "<group>";
		};
		C3BAFAA32A81C28300CFDC84 /* MapViewCell */ = {
			isa = PBXGroup;
			children = (
				C3BAFAA42A81C28300CFDC84 /* MapViewCellVariant1.swift */,
				C3BAFAA52A81C28300CFDC84 /* MapViewCell.swift */,
				C3BAFAA62A81C28300CFDC84 /* MapViewCellVariant2.swift */,
			);
			path = MapViewCell;
			sourceTree = "<group>";
		};
		C3BAFAA82A81C28300CFDC84 /* WebViewCell */ = {
			isa = PBXGroup;
			children = (
				C3BAFAA92A81C28300CFDC84 /* WebViewCellVariant1.swift */,
				C3BAFAAB2A81C28300CFDC84 /* WebViewCellVariant2.swift */,
				C3BAFAAA2A81C28300CFDC84 /* WebViewCellVariant3.swift */,
				C3BAFAAC2A81C28300CFDC84 /* WebViewCell.swift */,
			);
			path = WebViewCell;
			sourceTree = "<group>";
		};
		C3BAFAAF2A81C28300CFDC84 /* MapView */ = {
			isa = PBXGroup;
			children = (
				C3BAFAB02A81C28300CFDC84 /* FullMapView.swift */,
				C3C211132B460A100063094C /* MapNearbyView.swift */,
			);
			path = MapView;
			sourceTree = "<group>";
		};
		C3BAFAB22A81C28300CFDC84 /* WorldListView */ = {
			isa = PBXGroup;
			children = (
				C31ABFCF2A9D644100F3368C /* WorldListItemView1.swift */,
				C3BAFAB32A81C28300CFDC84 /* ParcelListView.swift */,
				C3BAFAD12A81C73700CFDC84 /* ParcelListView2.swift */,
				C3BAFAD32A81C90B00CFDC84 /* ParcelListView3.swift */,
				C3F9DB202ADE07A5007EDDD6 /* AugmentListView.swift */,
				C331C8F32A82EB81004B1238 /* AddWorldFormView.swift */,
			);
			path = WorldListView;
			sourceTree = "<group>";
		};
		C3BAFACF2A81C2C600CFDC84 /* Shared */ = {
			isa = PBXGroup;
			children = (
				C3EBACB72AEC78C100D0695F /* Systems */,
				C35A33622AB360C0007A163D /* Models */,
				C3BAFAD02A81C2CD00CFDC84 /* Views */,
			);
			path = Shared;
			sourceTree = "<group>";
		};
		C3BAFAD02A81C2CD00CFDC84 /* Views */ = {
			isa = PBXGroup;
			children = (
				C34114572B0EDB90004BC70A /* TabView */,
				C35A33722AB384D1007A163D /* ARViews */,
				C3BAFA9B2A81C28300CFDC84 /* ParcelView */,
				C3BAFAB22A81C28300CFDC84 /* WorldListView */,
				C3BAFA932A81C28300CFDC84 /* MediaGalleryView */,
				C3BAFAAF2A81C28300CFDC84 /* MapView */,
			);
			path = Views;
			sourceTree = "<group>";
		};
		C3EBACB72AEC78C100D0695F /* Systems */ = {
			isa = PBXGroup;
			children = (
				C3EBACBB2AEC7B9900D0695F /* FramedImageSystem.swift */,
				C3EBACC62AEC8F5F00D0695F /* GLBModelSystem.swift */,
				C3A41CED2AFF40E2008E0BFC /* USDZModelSystem.swift */,
				C356AE0B2AFEE80F0052C11B /* GeoAnchorSystem.swift */,
				C3EBACB82AEC78D800D0695F /* AugmentInputSystem.swift */,
				C335444C2AEF5CDD007FFD1B /* FramedNFTImageSystem.swift */,
			);
			path = Systems;
			sourceTree = "<group>";
		};
		C3EBACD22AEDA98300D0695F /* Contracts */ = {
			isa = PBXGroup;
			children = (
				C3EBACD32AEDA99700D0695F /* AugmentContract.swift */,
				C3EBACDA2AEDC53E00D0695F /* AugmentInstallationSystemContract.swift */,
				C33544342AEF2BD4007FFD1B /* AccessManagementSystemContract.swift */,
			);
			path = Contracts;
			sourceTree = "<group>";
		};
		C3EDAF902A7B148D00C80B0A /* Frameworks */ = {
			isa = PBXGroup;
			children = (
				C3EDAF912A7B148D00C80B0A /* WidgetKit.framework */,
				C3EDAF932A7B148D00C80B0A /* SwiftUI.framework */,
			);
			name = Frameworks;
			sourceTree = "<group>";
		};
		C3F9DB172ADDFACB007EDDD6 /* ParcelMetadataView */ = {
			isa = PBXGroup;
			children = (
				C3F9DB182ADDFAF4007EDDD6 /* ParcelMetadataView.swift */,
			);
			path = ParcelMetadataView;
			sourceTree = "<group>";
		};
		C3F9DB1A2ADDFFF3007EDDD6 /* AugmentCell */ = {
			isa = PBXGroup;
			children = (
				C3F9DB1B2ADE0003007EDDD6 /* AugmentCell.swift */,
				C3D9FDC12AE0CC4E00DEC3BD /* AugmentCellVariant1.swift */,
				C3D9FDBF2AE0CC3800DEC3BD /* AugmentCellVariant2.swift */,
				C3D9FDC32AE0CD6300DEC3BD /* AugmentCellVariant3.swift */,
			);
			path = AugmentCell;
			sourceTree = "<group>";
		};
		C3F9DB1D2ADE0498007EDDD6 /* ParcelPreviewCell */ = {
			isa = PBXGroup;
			children = (
				C3F9DB1E2ADE04AE007EDDD6 /* ParcelPreviewCell.swift */,
				C39AB1FE2B3121C700F83ABE /* ParcelPreviewSmallCell.swift */,
			);
			path = ParcelPreviewCell;
			sourceTree = "<group>";
		};
/* End PBXGroup section */

/* Begin PBXNativeTarget section */
		C331C8F82A82F03E004B1238 /* GeoWebiOS */ = {
			isa = PBXNativeTarget;
			buildConfigurationList = C331C9062A82F040004B1238 /* Build configuration list for PBXNativeTarget "GeoWebiOS" */;
			buildPhases = (
				C331C8F52A82F03E004B1238 /* Sources */,
				C331C8F62A82F03E004B1238 /* Frameworks */,
				C331C8F72A82F03E004B1238 /* Resources */,
				C317177E2AA7E83800D695B3 /* Embed Frameworks */,
			);
			buildRules = (
			);
			dependencies = (
				C306FCC72ABA176E003D2754 /* PBXTargetDependency */,
			);
			name = GeoWebiOS;
			packageProductDependencies = (
				C308E7E22A94394900EEC111 /* SwiftGLTF */,
				C33544482AEF41A9007FFD1B /* CID */,
				C3A41CE42AFF090E008E0BFC /* Web3 */,
				C3A41CE62AFF090E008E0BFC /* Web3ContractABI */,
				C3A41CE82AFF090E008E0BFC /* Web3PromiseKit */,
				C3A41CEB2AFF091E008E0BFC /* SwiftMUD */,
				C3B65E952B03F70C00909CA2 /* Geohash */,
				C3DBB55A2B23F5C600BDE9AE /* GraphQL */,
				C3DBB55C2B23F5C600BDE9AE /* SwiftGraphQL */,
				C3DBB55E2B23F5C600BDE9AE /* SwiftGraphQLClient */,
				C38D918B2B3258D400F94D9F /* Turf */,
			);
			productName = GeoWebiOS;
			productReference = C331C8F92A82F03E004B1238 /* GeoWebiOS.app */;
			productType = "com.apple.product-type.application";
		};
		C386B5772A7312BB008F6473 /* GeoWebiOSDesigns */ = {
			isa = PBXNativeTarget;
			buildConfigurationList = C386B5862A7312BC008F6473 /* Build configuration list for PBXNativeTarget "GeoWebiOSDesigns" */;
			buildPhases = (
				C386B5742A7312BB008F6473 /* Sources */,
				C386B5752A7312BB008F6473 /* Frameworks */,
				C386B5762A7312BB008F6473 /* Resources */,
				C3EDAF9F2A7B148F00C80B0A /* Embed Foundation Extensions */,
				C35A33612AB35B83007A163D /* Embed Frameworks */,
			);
			buildRules = (
			);
			dependencies = (
				C306FCC92ABA1772003D2754 /* PBXTargetDependency */,
			);
			name = GeoWebiOSDesigns;
			packageProductDependencies = (
				C33682922A79BA4C00CA5F43 /* SwiftGLTF */,
				C3552C492AF7E3A100E0BC45 /* CID */,
				C34114552B0ED71D004BC70A /* SwiftMUD */,
				C39AB1FC2B31214100F83ABE /* Geohash */,
			);
			productName = HubbleDesigns;
			productReference = C386B5782A7312BB008F6473 /* GeoWebiOSDesigns.app */;
			productType = "com.apple.product-type.application";
		};
/* End PBXNativeTarget section */

/* Begin PBXProject section */
		C386B5702A7312BB008F6473 /* Project object */ = {
			isa = PBXProject;
			attributes = {
				BuildIndependentTargetsInParallel = 1;
				LastSwiftUpdateCheck = 1500;
				LastUpgradeCheck = 1500;
				TargetAttributes = {
					C331C8F82A82F03E004B1238 = {
						CreatedOnToolsVersion = 15.0;
					};
					C386B5772A7312BB008F6473 = {
						CreatedOnToolsVersion = 15.0;
					};
				};
			};
			buildConfigurationList = C386B5732A7312BB008F6473 /* Build configuration list for PBXProject "GeoWebiOS" */;
			compatibilityVersion = "Xcode 14.0";
			developmentRegion = en;
			hasScannedForEncodings = 0;
			knownRegions = (
				en,
				Base,
			);
			mainGroup = C386B56F2A7312BB008F6473;
			packageReferences = (
				C33682912A79BA4C00CA5F43 /* XCRemoteSwiftPackageReference "SwiftGLTF" */,
				C33544472AEF41A9007FFD1B /* XCRemoteSwiftPackageReference "swift-cid" */,
				C3A41CE32AFF090E008E0BFC /* XCRemoteSwiftPackageReference "Web3" */,
				C3A41CEA2AFF091E008E0BFC /* XCRemoteSwiftPackageReference "swift-mud" */,
				C3B65E942B03F70C00909CA2 /* XCRemoteSwiftPackageReference "Geohash" */,
				C3DBB5592B23F5C600BDE9AE /* XCRemoteSwiftPackageReference "swift-graphql" */,
				C38D918A2B3258D400F94D9F /* XCRemoteSwiftPackageReference "turf-swift" */,
			);
			productRefGroup = C386B5792A7312BB008F6473 /* Products */;
			projectDirPath = "";
			projectReferences = (
				{
					ProductGroup = C31D00B12AB8EC1100AC0CA4 /* Products */;
					ProjectRef = C31D00B02AB8EC1100AC0CA4 /* GLTFKit2.xcodeproj */;
				},
			);
			projectRoot = "";
			targets = (
				C331C8F82A82F03E004B1238 /* GeoWebiOS */,
				C386B5772A7312BB008F6473 /* GeoWebiOSDesigns */,
			);
		};
/* End PBXProject section */

/* Begin PBXReferenceProxy section */
		C31D00B52AB8EC1100AC0CA4 /* GLTFKit2.framework */ = {
			isa = PBXReferenceProxy;
			fileType = wrapper.framework;
			path = GLTFKit2.framework;
			remoteRef = C31D00B42AB8EC1100AC0CA4 /* PBXContainerItemProxy */;
			sourceTree = BUILT_PRODUCTS_DIR;
		};
/* End PBXReferenceProxy section */

/* Begin PBXResourcesBuildPhase section */
		C331C8F72A82F03E004B1238 /* Resources */ = {
			isa = PBXResourcesBuildPhase;
			buildActionMask = 2147483647;
			files = (
				C3982F6D2A96B8860089AF69 /* sample-logo.png in Resources */,
				C39770AC2A9950EC0052183D /* video.mp4 in Resources */,
				C331C9052A82F040004B1238 /* Preview Assets.xcassets in Resources */,
				C39770AF2A9952AD0052183D /* audio.mp3 in Resources */,
				C3ABECD22A958E4C00C64510 /* sample-favicon.png in Resources */,
				C3753E8D2A95632F003175B5 /* robot.usdz in Resources */,
				C331C9022A82F040004B1238 /* Assets.xcassets in Resources */,
				C356AE0E2AFEF1BA0052C11B /* geoweb.glb in Resources */,
			);
			runOnlyForDeploymentPostprocessing = 0;
		};
		C386B5762A7312BB008F6473 /* Resources */ = {
			isa = PBXResourcesBuildPhase;
			buildActionMask = 2147483647;
			files = (
				C3BAFAC42A81C28300CFDC84 /* robot.usdz in Resources */,
				C39770B02A9952AD0052183D /* audio.mp3 in Resources */,
				C3552C4C2AF7EADC00E0BC45 /* geoweb.glb in Resources */,
				C35A33712AB364C0007A163D /* sample-favicon.png in Resources */,
				C39770AD2A9950EC0052183D /* video.mp4 in Resources */,
				C3BAFAB92A81C28300CFDC84 /* Preview Assets.xcassets in Resources */,
				C3BAFAB82A81C28300CFDC84 /* Assets.xcassets in Resources */,
				C35A33702AB364BB007A163D /* sample-logo.png in Resources */,
				C3BAFABB2A81C28300CFDC84 /* buddha.glb in Resources */,
			);
			runOnlyForDeploymentPostprocessing = 0;
		};
/* End PBXResourcesBuildPhase section */

/* Begin PBXSourcesBuildPhase section */
		C331C8F52A82F03E004B1238 /* Sources */ = {
			isa = PBXSourcesBuildPhase;
			buildActionMask = 2147483647;
			files = (
				C34114592B0EDBA6004BC70A /* TabBarEllipse1.swift in Sources */,
				C308E7DD2A9438B800EEC111 /* MapViewCellVariant2.swift in Sources */,
				C356AE0C2AFEE80F0052C11B /* GeoAnchorSystem.swift in Sources */,
				C35E319B2A9D3EE900AA4743 /* AddWorldFormView.swift in Sources */,
				C3EBACBF2AEC7BE000D0695F /* ImageCom.swift in Sources */,
				C39AB1FF2B3121C700F83ABE /* ParcelPreviewSmallCell.swift in Sources */,
				C3EBACDB2AEDC53E00D0695F /* AugmentInstallationSystemContract.swift in Sources */,
				C365155C2B2BB5CE0057FFF1 /* GraphQL.swift in Sources */,
				C3EBACCA2AEC8F9000D0695F /* ModelCom.swift in Sources */,
				C34B35312A9FF3C20079A314 /* EnterARButton.swift in Sources */,
				C3A41CEE2AFF40E2008E0BFC /* USDZModelSystem.swift in Sources */,
				C36CF5042B30EC2F002D50DA /* GeoWebParcel.swift in Sources */,
				C3EBACD12AEDA88A00D0695F /* AugmentPreviewView.swift in Sources */,
				C335444B2AEF4C3C007FFD1B /* NFTCom.swift in Sources */,
				C308E7D72A9437CB00EEC111 /* WorldCameraView.swift in Sources */,
				C3EBACC22AEC870800D0695F /* Data+SaveTemp.swift in Sources */,
				C39AB2012B312DC600F83ABE /* AugmentListView.swift in Sources */,
				C308E7E12A9438D400EEC111 /* ModelSceneView.swift in Sources */,
				C34B35332A9FF4300079A314 /* WorldARView.swift in Sources */,
				C3EBACC72AEC8F5F00D0695F /* GLBModelSystem.swift in Sources */,
				C3EBACBC2AEC7B9900D0695F /* FramedImageSystem.swift in Sources */,
				C335444D2AEF5CDD007FFD1B /* FramedNFTImageSystem.swift in Sources */,
				C331C90D2A82F082004B1238 /* NameCom.swift in Sources */,
				C3753E892A955E8C003175B5 /* MediaGalleryView.swift in Sources */,
				C308E7DC2A9438AB00EEC111 /* WebViewCellVariant2.swift in Sources */,
				C33544352AEF2BD4007FFD1B /* AccessManagementSystemContract.swift in Sources */,
				C308E7DE2A9438C200EEC111 /* FullMapView.swift in Sources */,
				C39770A92A9950540052183D /* AVObjectView.swift in Sources */,
				C3F94F8E2AA6A3020051B484 /* AnchorTransformSystem.swift in Sources */,
				C3EBACB92AEC78D800D0695F /* AugmentInputSystem.swift in Sources */,
				C3EBACD62AEDAF8900D0695F /* PositionCom.swift in Sources */,
				C3386F322AEC593B00720F7A /* AugmentCameraView.swift in Sources */,
				C34114532B0ED193004BC70A /* TabSheetView.swift in Sources */,
				C331C8FC2A82F03E004B1238 /* GeoWebiOSApp.swift in Sources */,
				C308E7DA2A9438A300EEC111 /* MapViewCell.swift in Sources */,
				C308E7DB2A9438A800EEC111 /* WebViewCell.swift in Sources */,
				C3B65E982B04002D00909CA2 /* OrientationCom.swift in Sources */,
				C3753E8C2A95622C003175B5 /* MediaObjectView.swift in Sources */,
				C3753E872A9558D5003175B5 /* MediaGalleryCell.swift in Sources */,
				C3982F6E2A96D3B40089AF69 /* ModelQLView.swift in Sources */,
				C3C211142B460A100063094C /* MapNearbyView.swift in Sources */,
				C3B65E9E2B04090E00909CA2 /* ScaleCom.swift in Sources */,
				C3EBACD42AEDA99700D0695F /* AugmentContract.swift in Sources */,
				C341145C2B0EDD4B004BC70A /* TabBarEllipse.swift in Sources */,
			);
			runOnlyForDeploymentPostprocessing = 0;
		};
		C386B5742A7312BB008F6473 /* Sources */ = {
			isa = PBXSourcesBuildPhase;
			buildActionMask = 2147483647;
			files = (
				C3B65E9F2B04090E00909CA2 /* ScaleCom.swift in Sources */,
				C3F9DB212ADE07A5007EDDD6 /* AugmentListView.swift in Sources */,
				C39770AA2A9950540052183D /* AVObjectView.swift in Sources */,
				C3F9DB1C2ADE0003007EDDD6 /* AugmentCell.swift in Sources */,
				C39AB2002B3121C700F83ABE /* ParcelPreviewSmallCell.swift in Sources */,
				C35A33772AB4615D007A163D /* GeoPublishARView.swift in Sources */,
				C3C211152B460A100063094C /* MapNearbyView.swift in Sources */,
				C3BAFAC32A81C28300CFDC84 /* MapViewCellVariant2.swift in Sources */,
				C3BAFAC62A81C28300CFDC84 /* WebViewCellVariant3.swift in Sources */,
				C3EBACC82AEC8F5F00D0695F /* GLBModelSystem.swift in Sources */,
				C3BAFACB2A81C28300CFDC84 /* FullMapView.swift in Sources */,
				C3552C4E2AF7EFE600E0BC45 /* GeoModelAugmentView.swift in Sources */,
				C3BAFAC92A81C28300CFDC84 /* EnterARButton.swift in Sources */,
				C3EBACCB2AEC8F9000D0695F /* ModelCom.swift in Sources */,
				C3552C462AF7E32100E0BC45 /* NFTCom.swift in Sources */,
				C31E0AC22AC4EBE400051DFF /* AnchorTransformSystem.swift in Sources */,
				C3BAFACD2A81C28300CFDC84 /* ParcelListView.swift in Sources */,
				C341145D2B0EDD4B004BC70A /* TabBarEllipse.swift in Sources */,
				C3386F342AEC62D300720F7A /* ModelAugmentPreview.swift in Sources */,
				C3BAFACC2A81C28300CFDC84 /* ContentView.swift in Sources */,
				C31ABFD02A9D644100F3368C /* WorldListItemView1.swift in Sources */,
				C3BAFABA2A81C28300CFDC84 /* GeoWebiOSDesignsApp.swift in Sources */,
				C3BAFAD42A81C90B00CFDC84 /* ParcelListView3.swift in Sources */,
				C341145A2B0EDBA6004BC70A /* TabBarEllipse1.swift in Sources */,
				C3386F362AEC68B600720F7A /* ImageAugmentPreview.swift in Sources */,
				C3BAFAC82A81C28300CFDC84 /* WebViewCell.swift in Sources */,
				C356AE0D2AFEE80F0052C11B /* GeoAnchorSystem.swift in Sources */,
				C36CF5052B30EC2F002D50DA /* GeoWebParcel.swift in Sources */,
				C3BAFAC72A81C28300CFDC84 /* WebViewCellVariant2.swift in Sources */,
				C3BAFAC12A81C28300CFDC84 /* MapViewCellVariant1.swift in Sources */,
				C3EBACBA2AEC78D800D0695F /* AugmentInputSystem.swift in Sources */,
				C3D9FDC42AE0CD6300DEC3BD /* AugmentCellVariant3.swift in Sources */,
				C3BAFAD22A81C73700CFDC84 /* ParcelListView2.swift in Sources */,
				C3BAFAB52A81C28300CFDC84 /* ModelSceneView.swift in Sources */,
				C3BAFAC52A81C28300CFDC84 /* WebViewCellVariant1.swift in Sources */,
				C3386F312AEC593900720F7A /* AugmentCameraView.swift in Sources */,
				C3EBACBD2AEC7B9900D0695F /* FramedImageSystem.swift in Sources */,
				C335444E2AEF5CDD007FFD1B /* FramedNFTImageSystem.swift in Sources */,
				C31E0AC12AC4E2A100051DFF /* ImageTargetARView.swift in Sources */,
				C3D9FDC22AE0CC4E00DEC3BD /* AugmentCellVariant1.swift in Sources */,
				C3A41CEF2AFF40E2008E0BFC /* USDZModelSystem.swift in Sources */,
				C3D9FDC02AE0CC3800DEC3BD /* AugmentCellVariant2.swift in Sources */,
				C3EBACD72AEDAF8900D0695F /* PositionCom.swift in Sources */,
				C3F9DB192ADDFAF4007EDDD6 /* ParcelMetadataView.swift in Sources */,
				C3753E8A2A955EDF003175B5 /* MediaGalleryView.swift in Sources */,
				C34114542B0ED6AB004BC70A /* TabSheetView.swift in Sources */,
				C3BAFAB72A81C28300CFDC84 /* ModelQLView.swift in Sources */,
				C3F9DB1F2ADE04AE007EDDD6 /* ParcelPreviewCell.swift in Sources */,
				C3EBACC32AEC870800D0695F /* Data+SaveTemp.swift in Sources */,
				C35A33752AB384E6007A163D /* ImageCaptureARView.swift in Sources */,
				C331C8F42A82EB81004B1238 /* AddWorldFormView.swift in Sources */,
				C3EBACC02AEC7BE000D0695F /* ImageCom.swift in Sources */,
				C3B65E992B04002D00909CA2 /* OrientationCom.swift in Sources */,
				C3BAFAC22A81C28300CFDC84 /* MapViewCell.swift in Sources */,
			);
			runOnlyForDeploymentPostprocessing = 0;
		};
/* End PBXSourcesBuildPhase section */

/* Begin PBXTargetDependency section */
		C306FCC72ABA176E003D2754 /* PBXTargetDependency */ = {
			isa = PBXTargetDependency;
			name = GLTFKit2;
			targetProxy = C306FCC62ABA176E003D2754 /* PBXContainerItemProxy */;
		};
		C306FCC92ABA1772003D2754 /* PBXTargetDependency */ = {
			isa = PBXTargetDependency;
			name = GLTFKit2;
			targetProxy = C306FCC82ABA1772003D2754 /* PBXContainerItemProxy */;
		};
/* End PBXTargetDependency section */

/* Begin XCBuildConfiguration section */
		C331C9072A82F040004B1238 /* Debug */ = {
			isa = XCBuildConfiguration;
			buildSettings = {
				ALCHEMY_API_KEY = Y4RuzHDAmcqDnO6iqLcfwDzmbTk4xHob;
				ASSETCATALOG_COMPILER_APPICON_NAME = AppIcon;
				ASSETCATALOG_COMPILER_GLOBAL_ACCENT_COLOR_NAME = AccentColor;
				CODE_SIGN_STYLE = Automatic;
				CURRENT_PROJECT_VERSION = 15;
				DEVELOPMENT_ASSET_PATHS = "\"GeoWebiOS/Preview Content\"";
				DEVELOPMENT_TEAM = GYAS34R77H;
				ENABLE_PREVIEWS = YES;
				FRAMEWORK_SEARCH_PATHS = (
					"$(inherited)",
					"$(PROJECT_DIR)",
				);
				GENERATE_INFOPLIST_FILE = YES;
				INFOPLIST_FILE = GeoWebiOS/Info.plist;
				INFOPLIST_KEY_CFBundleDisplayName = "Geo Web";
				INFOPLIST_KEY_NSCameraUsageDescription = "Your camera is used to enable augmented reality features.";
				INFOPLIST_KEY_NSLocationWhenInUseUsageDescription = "Your location is used to discover nearby parcels.";
				INFOPLIST_KEY_UIApplicationSceneManifest_Generation = YES;
				INFOPLIST_KEY_UIApplicationSupportsIndirectInputEvents = YES;
				INFOPLIST_KEY_UILaunchScreen_Generation = YES;
				INFOPLIST_KEY_UIRequiredDeviceCapabilities = arkit;
				INFOPLIST_KEY_UISupportedInterfaceOrientations = UIInterfaceOrientationPortrait;
				INFOPLIST_KEY_UISupportedInterfaceOrientations_iPad = "UIInterfaceOrientationLandscapeLeft UIInterfaceOrientationLandscapeRight UIInterfaceOrientationPortrait UIInterfaceOrientationPortraitUpsideDown";
				LD_RUNPATH_SEARCH_PATHS = (
					"$(inherited)",
					"@executable_path/Frameworks",
				);
				MARKETING_VERSION = 0.1;
				PRODUCT_BUNDLE_IDENTIFIER = network.geoweb.GeoWebiOS;
				PRODUCT_NAME = "$(TARGET_NAME)";
				SUPPORTED_PLATFORMS = "iphoneos iphonesimulator";
				SUPPORTS_MACCATALYST = NO;
				SUPPORTS_MAC_DESIGNED_FOR_IPHONE_IPAD = NO;
				SUPPORTS_XR_DESIGNED_FOR_IPHONE_IPAD = NO;
				SWIFT_EMIT_LOC_STRINGS = YES;
				SWIFT_STRICT_CONCURRENCY = minimal;
				SWIFT_VERSION = 5.0;
				TARGETED_DEVICE_FAMILY = 1;
				VERSIONING_SYSTEM = "apple-generic";
			};
			name = Debug;
		};
		C331C9082A82F040004B1238 /* Release */ = {
			isa = XCBuildConfiguration;
			buildSettings = {
				ALCHEMY_API_KEY = Y4RuzHDAmcqDnO6iqLcfwDzmbTk4xHob;
				ASSETCATALOG_COMPILER_APPICON_NAME = AppIcon;
				ASSETCATALOG_COMPILER_GLOBAL_ACCENT_COLOR_NAME = AccentColor;
				CODE_SIGN_STYLE = Automatic;
				CURRENT_PROJECT_VERSION = 15;
				DEVELOPMENT_ASSET_PATHS = "\"GeoWebiOS/Preview Content\"";
				DEVELOPMENT_TEAM = GYAS34R77H;
				ENABLE_PREVIEWS = YES;
				FRAMEWORK_SEARCH_PATHS = (
					"$(inherited)",
					"$(PROJECT_DIR)",
				);
				GENERATE_INFOPLIST_FILE = YES;
				INFOPLIST_FILE = GeoWebiOS/Info.plist;
				INFOPLIST_KEY_CFBundleDisplayName = "Geo Web";
				INFOPLIST_KEY_NSCameraUsageDescription = "Your camera is used to enable augmented reality features.";
				INFOPLIST_KEY_NSLocationWhenInUseUsageDescription = "Your location is used to discover nearby parcels.";
				INFOPLIST_KEY_UIApplicationSceneManifest_Generation = YES;
				INFOPLIST_KEY_UIApplicationSupportsIndirectInputEvents = YES;
				INFOPLIST_KEY_UILaunchScreen_Generation = YES;
				INFOPLIST_KEY_UIRequiredDeviceCapabilities = arkit;
				INFOPLIST_KEY_UISupportedInterfaceOrientations = UIInterfaceOrientationPortrait;
				INFOPLIST_KEY_UISupportedInterfaceOrientations_iPad = "UIInterfaceOrientationLandscapeLeft UIInterfaceOrientationLandscapeRight UIInterfaceOrientationPortrait UIInterfaceOrientationPortraitUpsideDown";
				LD_RUNPATH_SEARCH_PATHS = (
					"$(inherited)",
					"@executable_path/Frameworks",
				);
				MARKETING_VERSION = 0.1;
				PRODUCT_BUNDLE_IDENTIFIER = network.geoweb.GeoWebiOS;
				PRODUCT_NAME = "$(TARGET_NAME)";
				SUPPORTED_PLATFORMS = "iphoneos iphonesimulator";
				SUPPORTS_MACCATALYST = NO;
				SUPPORTS_MAC_DESIGNED_FOR_IPHONE_IPAD = NO;
				SUPPORTS_XR_DESIGNED_FOR_IPHONE_IPAD = NO;
				SWIFT_EMIT_LOC_STRINGS = YES;
				SWIFT_STRICT_CONCURRENCY = minimal;
				SWIFT_VERSION = 5.8;
				TARGETED_DEVICE_FAMILY = 1;
				VERSIONING_SYSTEM = "apple-generic";
			};
			name = Release;
		};
		C386B5842A7312BC008F6473 /* Debug */ = {
			isa = XCBuildConfiguration;
			buildSettings = {
				ALWAYS_SEARCH_USER_PATHS = NO;
				ASSETCATALOG_COMPILER_GENERATE_SWIFT_ASSET_SYMBOL_EXTENSIONS = YES;
				CLANG_ANALYZER_NONNULL = YES;
				CLANG_ANALYZER_NUMBER_OBJECT_CONVERSION = YES_AGGRESSIVE;
				CLANG_CXX_LANGUAGE_STANDARD = "gnu++20";
				CLANG_ENABLE_MODULES = YES;
				CLANG_ENABLE_OBJC_ARC = YES;
				CLANG_ENABLE_OBJC_WEAK = YES;
				CLANG_WARN_BLOCK_CAPTURE_AUTORELEASING = YES;
				CLANG_WARN_BOOL_CONVERSION = YES;
				CLANG_WARN_COMMA = YES;
				CLANG_WARN_CONSTANT_CONVERSION = YES;
				CLANG_WARN_DEPRECATED_OBJC_IMPLEMENTATIONS = YES;
				CLANG_WARN_DIRECT_OBJC_ISA_USAGE = YES_ERROR;
				CLANG_WARN_DOCUMENTATION_COMMENTS = YES;
				CLANG_WARN_EMPTY_BODY = YES;
				CLANG_WARN_ENUM_CONVERSION = YES;
				CLANG_WARN_INFINITE_RECURSION = YES;
				CLANG_WARN_INT_CONVERSION = YES;
				CLANG_WARN_NON_LITERAL_NULL_CONVERSION = YES;
				CLANG_WARN_OBJC_IMPLICIT_RETAIN_SELF = YES;
				CLANG_WARN_OBJC_LITERAL_CONVERSION = YES;
				CLANG_WARN_OBJC_ROOT_CLASS = YES_ERROR;
				CLANG_WARN_QUOTED_INCLUDE_IN_FRAMEWORK_HEADER = YES;
				CLANG_WARN_RANGE_LOOP_ANALYSIS = YES;
				CLANG_WARN_STRICT_PROTOTYPES = YES;
				CLANG_WARN_SUSPICIOUS_MOVE = YES;
				CLANG_WARN_UNGUARDED_AVAILABILITY = YES_AGGRESSIVE;
				CLANG_WARN_UNREACHABLE_CODE = YES;
				CLANG_WARN__DUPLICATE_METHOD_MATCH = YES;
				COPY_PHASE_STRIP = NO;
				DEBUG_INFORMATION_FORMAT = dwarf;
				ENABLE_STRICT_OBJC_MSGSEND = YES;
				ENABLE_TESTABILITY = YES;
				ENABLE_USER_SCRIPT_SANDBOXING = YES;
				GCC_C_LANGUAGE_STANDARD = gnu17;
				GCC_DYNAMIC_NO_PIC = NO;
				GCC_NO_COMMON_BLOCKS = YES;
				GCC_OPTIMIZATION_LEVEL = 0;
				GCC_PREPROCESSOR_DEFINITIONS = (
					"DEBUG=1",
					"$(inherited)",
				);
				GCC_WARN_64_TO_32_BIT_CONVERSION = YES;
				GCC_WARN_ABOUT_RETURN_TYPE = YES_ERROR;
				GCC_WARN_UNDECLARED_SELECTOR = YES;
				GCC_WARN_UNINITIALIZED_AUTOS = YES_AGGRESSIVE;
				GCC_WARN_UNUSED_FUNCTION = YES;
				GCC_WARN_UNUSED_VARIABLE = YES;
				IPHONEOS_DEPLOYMENT_TARGET = 17.0;
				LOCALIZATION_PREFERS_STRING_CATALOGS = YES;
				MTL_ENABLE_DEBUG_INFO = INCLUDE_SOURCE;
				MTL_FAST_MATH = YES;
				ONLY_ACTIVE_ARCH = YES;
				SDKROOT = iphoneos;
				SWIFT_ACTIVE_COMPILATION_CONDITIONS = "DEBUG $(inherited)";
				SWIFT_OPTIMIZATION_LEVEL = "-Onone";
			};
			name = Debug;
		};
		C386B5852A7312BC008F6473 /* Release */ = {
			isa = XCBuildConfiguration;
			buildSettings = {
				ALWAYS_SEARCH_USER_PATHS = NO;
				ASSETCATALOG_COMPILER_GENERATE_SWIFT_ASSET_SYMBOL_EXTENSIONS = YES;
				CLANG_ANALYZER_NONNULL = YES;
				CLANG_ANALYZER_NUMBER_OBJECT_CONVERSION = YES_AGGRESSIVE;
				CLANG_CXX_LANGUAGE_STANDARD = "gnu++20";
				CLANG_ENABLE_MODULES = YES;
				CLANG_ENABLE_OBJC_ARC = YES;
				CLANG_ENABLE_OBJC_WEAK = YES;
				CLANG_WARN_BLOCK_CAPTURE_AUTORELEASING = YES;
				CLANG_WARN_BOOL_CONVERSION = YES;
				CLANG_WARN_COMMA = YES;
				CLANG_WARN_CONSTANT_CONVERSION = YES;
				CLANG_WARN_DEPRECATED_OBJC_IMPLEMENTATIONS = YES;
				CLANG_WARN_DIRECT_OBJC_ISA_USAGE = YES_ERROR;
				CLANG_WARN_DOCUMENTATION_COMMENTS = YES;
				CLANG_WARN_EMPTY_BODY = YES;
				CLANG_WARN_ENUM_CONVERSION = YES;
				CLANG_WARN_INFINITE_RECURSION = YES;
				CLANG_WARN_INT_CONVERSION = YES;
				CLANG_WARN_NON_LITERAL_NULL_CONVERSION = YES;
				CLANG_WARN_OBJC_IMPLICIT_RETAIN_SELF = YES;
				CLANG_WARN_OBJC_LITERAL_CONVERSION = YES;
				CLANG_WARN_OBJC_ROOT_CLASS = YES_ERROR;
				CLANG_WARN_QUOTED_INCLUDE_IN_FRAMEWORK_HEADER = YES;
				CLANG_WARN_RANGE_LOOP_ANALYSIS = YES;
				CLANG_WARN_STRICT_PROTOTYPES = YES;
				CLANG_WARN_SUSPICIOUS_MOVE = YES;
				CLANG_WARN_UNGUARDED_AVAILABILITY = YES_AGGRESSIVE;
				CLANG_WARN_UNREACHABLE_CODE = YES;
				CLANG_WARN__DUPLICATE_METHOD_MATCH = YES;
				COPY_PHASE_STRIP = NO;
				DEBUG_INFORMATION_FORMAT = "dwarf-with-dsym";
				ENABLE_NS_ASSERTIONS = NO;
				ENABLE_STRICT_OBJC_MSGSEND = YES;
				ENABLE_USER_SCRIPT_SANDBOXING = YES;
				GCC_C_LANGUAGE_STANDARD = gnu17;
				GCC_NO_COMMON_BLOCKS = YES;
				GCC_WARN_64_TO_32_BIT_CONVERSION = YES;
				GCC_WARN_ABOUT_RETURN_TYPE = YES_ERROR;
				GCC_WARN_UNDECLARED_SELECTOR = YES;
				GCC_WARN_UNINITIALIZED_AUTOS = YES_AGGRESSIVE;
				GCC_WARN_UNUSED_FUNCTION = YES;
				GCC_WARN_UNUSED_VARIABLE = YES;
				IPHONEOS_DEPLOYMENT_TARGET = 17.0;
				LOCALIZATION_PREFERS_STRING_CATALOGS = YES;
				MTL_ENABLE_DEBUG_INFO = NO;
				MTL_FAST_MATH = YES;
				SDKROOT = iphoneos;
				SWIFT_COMPILATION_MODE = wholemodule;
				VALIDATE_PRODUCT = YES;
			};
			name = Release;
		};
		C386B5872A7312BC008F6473 /* Debug */ = {
			isa = XCBuildConfiguration;
			buildSettings = {
				ASSETCATALOG_COMPILER_APPICON_NAME = AppIcon;
				ASSETCATALOG_COMPILER_GLOBAL_ACCENT_COLOR_NAME = AccentColor;
				CODE_SIGN_STYLE = Automatic;
				CURRENT_PROJECT_VERSION = 4;
				DEVELOPMENT_ASSET_PATHS = "\"GeoWebiOSDesigns/Preview Content\"";
				DEVELOPMENT_TEAM = GYAS34R77H;
				ENABLE_PREVIEWS = YES;
				FRAMEWORK_SEARCH_PATHS = (
					"$(inherited)",
					"$(PROJECT_DIR)",
				);
				GENERATE_INFOPLIST_FILE = YES;
				INFOPLIST_FILE = GeoWebiOSDesigns/Info.plist;
				INFOPLIST_KEY_CFBundleDisplayName = "Geo Web Designs";
				INFOPLIST_KEY_NSCameraUsageDescription = "Your camera is used to enable augmented reality features.";
				INFOPLIST_KEY_NSLocationUsageDescription = "Used for Location Anchors.";
				INFOPLIST_KEY_NSLocationWhenInUseUsageDescription = "Your location is used to discover nearby parcels.";
				INFOPLIST_KEY_UIApplicationSceneManifest_Generation = YES;
				INFOPLIST_KEY_UIApplicationSupportsIndirectInputEvents = YES;
				INFOPLIST_KEY_UILaunchScreen_Generation = YES;
				INFOPLIST_KEY_UISupportedInterfaceOrientations = UIInterfaceOrientationPortrait;
				INFOPLIST_KEY_UISupportedInterfaceOrientations_iPad = "UIInterfaceOrientationLandscapeLeft UIInterfaceOrientationLandscapeRight UIInterfaceOrientationPortrait UIInterfaceOrientationPortraitUpsideDown";
				LD_RUNPATH_SEARCH_PATHS = (
					"$(inherited)",
					"@executable_path/Frameworks",
				);
				MARKETING_VERSION = 0.1;
				PRODUCT_BUNDLE_IDENTIFIER = network.geoweb.GeoWebiOSDesigns;
				PRODUCT_NAME = "$(TARGET_NAME)";
				SUPPORTED_PLATFORMS = "iphoneos iphonesimulator";
				SUPPORTS_MACCATALYST = NO;
				SUPPORTS_MAC_DESIGNED_FOR_IPHONE_IPAD = NO;
				SUPPORTS_XR_DESIGNED_FOR_IPHONE_IPAD = NO;
				SWIFT_EMIT_LOC_STRINGS = YES;
				SWIFT_VERSION = 5.8;
				TARGETED_DEVICE_FAMILY = 1;
				VALIDATE_PRODUCT = YES;
				VERSIONING_SYSTEM = "apple-generic";
			};
			name = Debug;
		};
		C386B5882A7312BC008F6473 /* Release */ = {
			isa = XCBuildConfiguration;
			buildSettings = {
				ASSETCATALOG_COMPILER_APPICON_NAME = AppIcon;
				ASSETCATALOG_COMPILER_GLOBAL_ACCENT_COLOR_NAME = AccentColor;
				CODE_SIGN_STYLE = Automatic;
				CURRENT_PROJECT_VERSION = 4;
				DEVELOPMENT_ASSET_PATHS = "\"GeoWebiOSDesigns/Preview Content\"";
				DEVELOPMENT_TEAM = GYAS34R77H;
				ENABLE_PREVIEWS = YES;
				FRAMEWORK_SEARCH_PATHS = (
					"$(inherited)",
					"$(PROJECT_DIR)",
				);
				GENERATE_INFOPLIST_FILE = YES;
				INFOPLIST_FILE = GeoWebiOSDesigns/Info.plist;
				INFOPLIST_KEY_CFBundleDisplayName = "Geo Web Designs";
				INFOPLIST_KEY_NSCameraUsageDescription = "Your camera is used to enable augmented reality features.";
				INFOPLIST_KEY_NSLocationUsageDescription = "Used for Location Anchors.";
				INFOPLIST_KEY_NSLocationWhenInUseUsageDescription = "Your location is used to discover nearby parcels.";
				INFOPLIST_KEY_UIApplicationSceneManifest_Generation = YES;
				INFOPLIST_KEY_UIApplicationSupportsIndirectInputEvents = YES;
				INFOPLIST_KEY_UILaunchScreen_Generation = YES;
				INFOPLIST_KEY_UISupportedInterfaceOrientations = UIInterfaceOrientationPortrait;
				INFOPLIST_KEY_UISupportedInterfaceOrientations_iPad = "UIInterfaceOrientationLandscapeLeft UIInterfaceOrientationLandscapeRight UIInterfaceOrientationPortrait UIInterfaceOrientationPortraitUpsideDown";
				LD_RUNPATH_SEARCH_PATHS = (
					"$(inherited)",
					"@executable_path/Frameworks",
				);
				MARKETING_VERSION = 0.1;
				PRODUCT_BUNDLE_IDENTIFIER = network.geoweb.GeoWebiOSDesigns;
				PRODUCT_NAME = "$(TARGET_NAME)";
				SUPPORTED_PLATFORMS = "iphoneos iphonesimulator";
				SUPPORTS_MACCATALYST = NO;
				SUPPORTS_MAC_DESIGNED_FOR_IPHONE_IPAD = NO;
				SUPPORTS_XR_DESIGNED_FOR_IPHONE_IPAD = NO;
				SWIFT_EMIT_LOC_STRINGS = YES;
				SWIFT_VERSION = 5.8;
				TARGETED_DEVICE_FAMILY = 1;
				VERSIONING_SYSTEM = "apple-generic";
			};
			name = Release;
		};
/* End XCBuildConfiguration section */

/* Begin XCConfigurationList section */
		C331C9062A82F040004B1238 /* Build configuration list for PBXNativeTarget "GeoWebiOS" */ = {
			isa = XCConfigurationList;
			buildConfigurations = (
				C331C9072A82F040004B1238 /* Debug */,
				C331C9082A82F040004B1238 /* Release */,
			);
			defaultConfigurationIsVisible = 0;
			defaultConfigurationName = Release;
		};
		C386B5732A7312BB008F6473 /* Build configuration list for PBXProject "GeoWebiOS" */ = {
			isa = XCConfigurationList;
			buildConfigurations = (
				C386B5842A7312BC008F6473 /* Debug */,
				C386B5852A7312BC008F6473 /* Release */,
			);
			defaultConfigurationIsVisible = 0;
			defaultConfigurationName = Release;
		};
		C386B5862A7312BC008F6473 /* Build configuration list for PBXNativeTarget "GeoWebiOSDesigns" */ = {
			isa = XCConfigurationList;
			buildConfigurations = (
				C386B5872A7312BC008F6473 /* Debug */,
				C386B5882A7312BC008F6473 /* Release */,
			);
			defaultConfigurationIsVisible = 0;
			defaultConfigurationName = Release;
		};
/* End XCConfigurationList section */

/* Begin XCRemoteSwiftPackageReference section */
		C33544472AEF41A9007FFD1B /* XCRemoteSwiftPackageReference "swift-cid" */ = {
			isa = XCRemoteSwiftPackageReference;
			repositoryURL = "https://github.com/swift-libp2p/swift-cid.git";
			requirement = {
				kind = upToNextMajorVersion;
				minimumVersion = 0.0.3;
			};
		};
		C33682912A79BA4C00CA5F43 /* XCRemoteSwiftPackageReference "SwiftGLTF" */ = {
			isa = XCRemoteSwiftPackageReference;
			repositoryURL = "https://github.com/schwa/SwiftGLTF.git";
			requirement = {
				kind = upToNextMajorVersion;
				minimumVersion = 0.0.3;
			};
		};
		C38D918A2B3258D400F94D9F /* XCRemoteSwiftPackageReference "turf-swift" */ = {
			isa = XCRemoteSwiftPackageReference;
			repositoryURL = "https://github.com/mapbox/turf-swift.git";
			requirement = {
				branch = main;
				kind = branch;
			};
		};
		C3A41CE32AFF090E008E0BFC /* XCRemoteSwiftPackageReference "Web3" */ = {
			isa = XCRemoteSwiftPackageReference;
			repositoryURL = "https://github.com/Geo-Web-Project/Web3.swift";
			requirement = {
				branch = master;
				kind = branch;
			};
		};
		C3A41CEA2AFF091E008E0BFC /* XCRemoteSwiftPackageReference "swift-mud" */ = {
			isa = XCRemoteSwiftPackageReference;
			repositoryURL = "https://github.com/Geo-Web-Project/swift-mud";
			requirement = {
				kind = upToNextMajorVersion;
				minimumVersion = 0.2.2;
			};
		};
		C3B65E942B03F70C00909CA2 /* XCRemoteSwiftPackageReference "Geohash" */ = {
			isa = XCRemoteSwiftPackageReference;
			repositoryURL = "https://github.com/nh7a/Geohash";
			requirement = {
				kind = upToNextMajorVersion;
				minimumVersion = 1.0.0;
			};
		};
		C3DBB5592B23F5C600BDE9AE /* XCRemoteSwiftPackageReference "swift-graphql" */ = {
			isa = XCRemoteSwiftPackageReference;
			repositoryURL = "https://github.com/maticzav/swift-graphql/";
			requirement = {
				kind = upToNextMajorVersion;
				minimumVersion = 5.1.0;
			};
		};
/* End XCRemoteSwiftPackageReference section */

/* Begin XCSwiftPackageProductDependency section */
		C308E7E22A94394900EEC111 /* SwiftGLTF */ = {
			isa = XCSwiftPackageProductDependency;
			package = C33682912A79BA4C00CA5F43 /* XCRemoteSwiftPackageReference "SwiftGLTF" */;
			productName = SwiftGLTF;
		};
		C33544482AEF41A9007FFD1B /* CID */ = {
			isa = XCSwiftPackageProductDependency;
			package = C33544472AEF41A9007FFD1B /* XCRemoteSwiftPackageReference "swift-cid" */;
			productName = CID;
		};
		C33682922A79BA4C00CA5F43 /* SwiftGLTF */ = {
			isa = XCSwiftPackageProductDependency;
			package = C33682912A79BA4C00CA5F43 /* XCRemoteSwiftPackageReference "SwiftGLTF" */;
			productName = SwiftGLTF;
		};
		C34114552B0ED71D004BC70A /* SwiftMUD */ = {
			isa = XCSwiftPackageProductDependency;
			package = C3A41CEA2AFF091E008E0BFC /* XCRemoteSwiftPackageReference "swift-mud" */;
			productName = SwiftMUD;
		};
		C3552C492AF7E3A100E0BC45 /* CID */ = {
			isa = XCSwiftPackageProductDependency;
			package = C33544472AEF41A9007FFD1B /* XCRemoteSwiftPackageReference "swift-cid" */;
			productName = CID;
		};
		C38D918B2B3258D400F94D9F /* Turf */ = {
			isa = XCSwiftPackageProductDependency;
			package = C38D918A2B3258D400F94D9F /* XCRemoteSwiftPackageReference "turf-swift" */;
			productName = Turf;
		};
		C39AB1FC2B31214100F83ABE /* Geohash */ = {
			isa = XCSwiftPackageProductDependency;
			package = C3B65E942B03F70C00909CA2 /* XCRemoteSwiftPackageReference "Geohash" */;
			productName = Geohash;
		};
		C3A41CE42AFF090E008E0BFC /* Web3 */ = {
			isa = XCSwiftPackageProductDependency;
			package = C3A41CE32AFF090E008E0BFC /* XCRemoteSwiftPackageReference "Web3" */;
			productName = Web3;
		};
		C3A41CE62AFF090E008E0BFC /* Web3ContractABI */ = {
			isa = XCSwiftPackageProductDependency;
			package = C3A41CE32AFF090E008E0BFC /* XCRemoteSwiftPackageReference "Web3" */;
			productName = Web3ContractABI;
		};
		C3A41CE82AFF090E008E0BFC /* Web3PromiseKit */ = {
			isa = XCSwiftPackageProductDependency;
			package = C3A41CE32AFF090E008E0BFC /* XCRemoteSwiftPackageReference "Web3" */;
			productName = Web3PromiseKit;
		};
		C3A41CEB2AFF091E008E0BFC /* SwiftMUD */ = {
			isa = XCSwiftPackageProductDependency;
			package = C3A41CEA2AFF091E008E0BFC /* XCRemoteSwiftPackageReference "swift-mud" */;
			productName = SwiftMUD;
		};
		C3B65E952B03F70C00909CA2 /* Geohash */ = {
			isa = XCSwiftPackageProductDependency;
			package = C3B65E942B03F70C00909CA2 /* XCRemoteSwiftPackageReference "Geohash" */;
			productName = Geohash;
		};
		C3DBB55A2B23F5C600BDE9AE /* GraphQL */ = {
			isa = XCSwiftPackageProductDependency;
			package = C3DBB5592B23F5C600BDE9AE /* XCRemoteSwiftPackageReference "swift-graphql" */;
			productName = GraphQL;
		};
		C3DBB55C2B23F5C600BDE9AE /* SwiftGraphQL */ = {
			isa = XCSwiftPackageProductDependency;
			package = C3DBB5592B23F5C600BDE9AE /* XCRemoteSwiftPackageReference "swift-graphql" */;
			productName = SwiftGraphQL;
		};
		C3DBB55E2B23F5C600BDE9AE /* SwiftGraphQLClient */ = {
			isa = XCSwiftPackageProductDependency;
			package = C3DBB5592B23F5C600BDE9AE /* XCRemoteSwiftPackageReference "swift-graphql" */;
			productName = SwiftGraphQLClient;
		};
/* End XCSwiftPackageProductDependency section */
	};
	rootObject = C386B5702A7312BB008F6473 /* Project object */;
}
